// !$*UTF8*$!
{
	archiveVersion = 1;
	classes = {
	};
	objectVersion = 56;
	objects = {

/* Begin PBXBuildFile section */
		8619FBF12B758D340083E5C0 /* CacheFeedUseCaseTests.swift in Sources */ = {isa = PBXBuildFile; fileRef = 8619FBF02B758D340083E5C0 /* CacheFeedUseCaseTests.swift */; };
		8648934B2B58853200F99BE9 /* EssentialFeed.framework in Frameworks */ = {isa = PBXBuildFile; fileRef = 864893422B58853200F99BE9 /* EssentialFeed.framework */; };
		864893602B58866800F99BE9 /* FeedImage.swift in Sources */ = {isa = PBXBuildFile; fileRef = 8648935F2B58866800F99BE9 /* FeedImage.swift */; };
		864893622B58869900F99BE9 /* FeedLoader.swift in Sources */ = {isa = PBXBuildFile; fileRef = 864893612B58869900F99BE9 /* FeedLoader.swift */; };
		864893652B58882500F99BE9 /* LoadFeedFromRemoteUseCaseTests.swift in Sources */ = {isa = PBXBuildFile; fileRef = 864893642B58882500F99BE9 /* LoadFeedFromRemoteUseCaseTests.swift */; };
		865775C12B5F18D000AF1B13 /* HTTPClient.swift in Sources */ = {isa = PBXBuildFile; fileRef = 865775C02B5F18D000AF1B13 /* HTTPClient.swift */; };
		865775C32B5F191500AF1B13 /* FeedItemsMapper.swift in Sources */ = {isa = PBXBuildFile; fileRef = 865775C22B5F191500AF1B13 /* FeedItemsMapper.swift */; };
		86C50C202B588F29003CD864 /* RemoteFeedLoader.swift in Sources */ = {isa = PBXBuildFile; fileRef = 86C50C1F2B588F29003CD864 /* RemoteFeedLoader.swift */; };
		992107BF2B6C50D0001E49F9 /* EssentialFeedAPIEndToEndTests.swift in Sources */ = {isa = PBXBuildFile; fileRef = 992107BE2B6C50D0001E49F9 /* EssentialFeedAPIEndToEndTests.swift */; };
		992107C02B6C50D0001E49F9 /* EssentialFeed.framework in Frameworks */ = {isa = PBXBuildFile; fileRef = 864893422B58853200F99BE9 /* EssentialFeed.framework */; };
		992107C62B6C5363001E49F9 /* XCTestCase+MemoryLeakTracking.swift in Sources */ = {isa = PBXBuildFile; fileRef = 99BD5DA42B6AFD91008BF084 /* XCTestCase+MemoryLeakTracking.swift */; };
		992C41522B913066007F1820 /* Feed.storyboard in Resources */ = {isa = PBXBuildFile; fileRef = 992C41512B913066007F1820 /* Feed.storyboard */; };
		992C41542B9130EF007F1820 /* FeedAssets.xcassets in Resources */ = {isa = PBXBuildFile; fileRef = 992C41532B9130EF007F1820 /* FeedAssets.xcassets */; };
		992C41562B913814007F1820 /* UITableView+Dequeueing.swift in Sources */ = {isa = PBXBuildFile; fileRef = 992C41552B913814007F1820 /* UITableView+Dequeueing.swift */; };
		992C41582B9138A2007F1820 /* UIImageView+Animations.swift in Sources */ = {isa = PBXBuildFile; fileRef = 992C41572B9138A2007F1820 /* UIImageView+Animations.swift */; };
		992C415F2B913F4B007F1820 /* FeedViewControllerTests+Localization.swift in Sources */ = {isa = PBXBuildFile; fileRef = 992C415E2B913F4B007F1820 /* FeedViewControllerTests+Localization.swift */; };
		992C41602B9140E5007F1820 /* Feed.strings in Resources */ = {isa = PBXBuildFile; fileRef = 992C41622B9140E5007F1820 /* Feed.strings */; };
		992C41672B9141CF007F1820 /* FeedLocalizationTests.swift in Sources */ = {isa = PBXBuildFile; fileRef = 992C41662B9141CF007F1820 /* FeedLocalizationTests.swift */; };
		99383EBB2B7FEBB000C0C33D /* ValidateFeedCacheUseCaseTests.swift in Sources */ = {isa = PBXBuildFile; fileRef = 99383EBA2B7FEBB000C0C33D /* ValidateFeedCacheUseCaseTests.swift */; };
		994154992B68230100D68D8B /* URLSessionHTTPClientTests.swift in Sources */ = {isa = PBXBuildFile; fileRef = 994154982B68230100D68D8B /* URLSessionHTTPClientTests.swift */; };
		9951A6452B851A5B003C8110 /* CoreDataHelpers.swift in Sources */ = {isa = PBXBuildFile; fileRef = 9951A6442B851A5B003C8110 /* CoreDataHelpers.swift */; };
		9951A6472B851AC1003C8110 /* ManagedCache.swift in Sources */ = {isa = PBXBuildFile; fileRef = 9951A6462B851AC1003C8110 /* ManagedCache.swift */; };
		9951A6492B851AD1003C8110 /* ManagedFeedImage.swift in Sources */ = {isa = PBXBuildFile; fileRef = 9951A6482B851AD1003C8110 /* ManagedFeedImage.swift */; };
		9951A6512B851C5F003C8110 /* EssentialFeedCacheIntegrationTests.swift in Sources */ = {isa = PBXBuildFile; fileRef = 9951A6502B851C5F003C8110 /* EssentialFeedCacheIntegrationTests.swift */; };
		9951A6522B851C5F003C8110 /* EssentialFeed.framework in Frameworks */ = {isa = PBXBuildFile; fileRef = 864893422B58853200F99BE9 /* EssentialFeed.framework */; };
		9951A6592B851D98003C8110 /* XCTestCase+MemoryLeakTracking.swift in Sources */ = {isa = PBXBuildFile; fileRef = 99BD5DA42B6AFD91008BF084 /* XCTestCase+MemoryLeakTracking.swift */; };
		99797EBB2B850DE90002E07A /* CoreDataFeedStoreTests.swift in Sources */ = {isa = PBXBuildFile; fileRef = 99797EBA2B850DE90002E07A /* CoreDataFeedStoreTests.swift */; };
		99797EBD2B850E1D0002E07A /* CoreDataFeedStore.swift in Sources */ = {isa = PBXBuildFile; fileRef = 99797EBC2B850E1D0002E07A /* CoreDataFeedStore.swift */; };
		99797EC02B8512900002E07A /* FeedStore.xcdatamodeld in Sources */ = {isa = PBXBuildFile; fileRef = 99797EBE2B8512900002E07A /* FeedStore.xcdatamodeld */; };
		9988164B2B951A3D004AE969 /* MainQueueDispatchDecorator.swift in Sources */ = {isa = PBXBuildFile; fileRef = 9988164A2B951A3D004AE969 /* MainQueueDispatchDecorator.swift */; };
		9988164D2B951AFB004AE969 /* WeakRefVirtualProxy.swift in Sources */ = {isa = PBXBuildFile; fileRef = 9988164C2B951AFB004AE969 /* WeakRefVirtualProxy.swift */; };
		9988164F2B951B2C004AE969 /* FeedImageDataLoaderPresentationAdapter.swift in Sources */ = {isa = PBXBuildFile; fileRef = 9988164E2B951B2C004AE969 /* FeedImageDataLoaderPresentationAdapter.swift */; };
		998816512B951B65004AE969 /* FeedLoaderPresentationAdapter.swift in Sources */ = {isa = PBXBuildFile; fileRef = 998816502B951B65004AE969 /* FeedLoaderPresentationAdapter.swift */; };
		998816532B951BAA004AE969 /* FeedViewAdapter.swift in Sources */ = {isa = PBXBuildFile; fileRef = 998816522B951BAA004AE969 /* FeedViewAdapter.swift */; };
		998816552B952256004AE969 /* ErrorView.swift in Sources */ = {isa = PBXBuildFile; fileRef = 998816542B952256004AE969 /* ErrorView.swift */; };
		998816582B952B61004AE969 /* FeedErrorViewModel.swift in Sources */ = {isa = PBXBuildFile; fileRef = 998816572B952B61004AE969 /* FeedErrorViewModel.swift */; };
		9988165A2B952B99004AE969 /* UIRefreshControl+Helpers.swift in Sources */ = {isa = PBXBuildFile; fileRef = 998816592B952B99004AE969 /* UIRefreshControl+Helpers.swift */; };
		9993479B2B7E714E0086DA3E /* LocalFeedLoader.swift in Sources */ = {isa = PBXBuildFile; fileRef = 9993479A2B7E714E0086DA3E /* LocalFeedLoader.swift */; };
		9993479D2B7E71C80086DA3E /* FeedStore.swift in Sources */ = {isa = PBXBuildFile; fileRef = 9993479C2B7E71C80086DA3E /* FeedStore.swift */; };
		9993479F2B7E76E60086DA3E /* RemoteFeedItem.swift in Sources */ = {isa = PBXBuildFile; fileRef = 9993479E2B7E76E60086DA3E /* RemoteFeedItem.swift */; };
		999347A12B7E77410086DA3E /* LocalFeedImage.swift in Sources */ = {isa = PBXBuildFile; fileRef = 999347A02B7E77410086DA3E /* LocalFeedImage.swift */; };
		999347A32B7E7E3B0086DA3E /* LoadFeedFromCacheUseCaseTests.swift in Sources */ = {isa = PBXBuildFile; fileRef = 999347A22B7E7E3B0086DA3E /* LoadFeedFromCacheUseCaseTests.swift */; };
		999347A62B7E7F210086DA3E /* FeedStoreSpy.swift in Sources */ = {isa = PBXBuildFile; fileRef = 999347A52B7E7F210086DA3E /* FeedStoreSpy.swift */; };
		99B764ED2B8CEE6B00D34C7C /* FeedImageCell.swift in Sources */ = {isa = PBXBuildFile; fileRef = 99B764EC2B8CEE6B00D34C7C /* FeedImageCell.swift */; };
		99B764EF2B8CF1F400D34C7C /* UIView+Shimmering.swift in Sources */ = {isa = PBXBuildFile; fileRef = 99B764EE2B8CF1F400D34C7C /* UIView+Shimmering.swift */; };
		99B764F22B8CF7D800D34C7C /* FeedImageDataLoader.swift in Sources */ = {isa = PBXBuildFile; fileRef = 99B764F12B8CF7D800D34C7C /* FeedImageDataLoader.swift */; };
		99B764F82B8CF87200D34C7C /* UIImage+TestHelpers.swift in Sources */ = {isa = PBXBuildFile; fileRef = 99B764F72B8CF87200D34C7C /* UIImage+TestHelpers.swift */; };
		99B764FA2B8CF8A500D34C7C /* UIRefreshControl+TestHelpers.swift in Sources */ = {isa = PBXBuildFile; fileRef = 99B764F92B8CF8A500D34C7C /* UIRefreshControl+TestHelpers.swift */; };
		99B764FC2B8CF8C700D34C7C /* UIButton+TestHelpers.swift in Sources */ = {isa = PBXBuildFile; fileRef = 99B764FB2B8CF8C700D34C7C /* UIButton+TestHelpers.swift */; };
		99B764FE2B8CF90B00D34C7C /* UIControl+TestHelpers.swift in Sources */ = {isa = PBXBuildFile; fileRef = 99B764FD2B8CF90B00D34C7C /* UIControl+TestHelpers.swift */; };
		99B765002B8CF95300D34C7C /* FeedViewController+TestHelpers.swift in Sources */ = {isa = PBXBuildFile; fileRef = 99B764FF2B8CF95300D34C7C /* FeedViewController+TestHelpers.swift */; };
		99B765022B8CF99F00D34C7C /* FeedImageCell+TestHelpers.swift in Sources */ = {isa = PBXBuildFile; fileRef = 99B765012B8CF99F00D34C7C /* FeedImageCell+TestHelpers.swift */; };
		99B765042B8CF9CC00D34C7C /* FeedViewControllerTests+LoaderSpy.swift in Sources */ = {isa = PBXBuildFile; fileRef = 99B765032B8CF9CC00D34C7C /* FeedViewControllerTests+LoaderSpy.swift */; };
		99B765062B8CFA1D00D34C7C /* FeedViewControllerTests+Assertions.swift in Sources */ = {isa = PBXBuildFile; fileRef = 99B765052B8CFA1D00D34C7C /* FeedViewControllerTests+Assertions.swift */; };
		99B7650B2B8CFC1800D34C7C /* FeedRefreshViewController.swift in Sources */ = {isa = PBXBuildFile; fileRef = 99B7650A2B8CFC1800D34C7C /* FeedRefreshViewController.swift */; };
		99B7650D2B8D009300D34C7C /* FeedImageCellController.swift in Sources */ = {isa = PBXBuildFile; fileRef = 99B7650C2B8D009300D34C7C /* FeedImageCellController.swift */; };
		99B765102B8D014E00D34C7C /* FeedUIComposer.swift in Sources */ = {isa = PBXBuildFile; fileRef = 99B7650F2B8D014E00D34C7C /* FeedUIComposer.swift */; };
		99B765162B8E512E00D34C7C /* FeedImageViewModel.swift in Sources */ = {isa = PBXBuildFile; fileRef = 99B765152B8E512E00D34C7C /* FeedImageViewModel.swift */; };
		99B765182B8E54A500D34C7C /* FeedPresenter.swift in Sources */ = {isa = PBXBuildFile; fileRef = 99B765172B8E54A500D34C7C /* FeedPresenter.swift */; };
		99B93DA02B8BEAB300B9F68E /* EssentialFeed.framework in Frameworks */ = {isa = PBXBuildFile; fileRef = 864893422B58853200F99BE9 /* EssentialFeed.framework */; platformFilter = ios; };
		99B93DA12B8BEAB300B9F68E /* EssentialFeed.framework in Embed Frameworks */ = {isa = PBXBuildFile; fileRef = 864893422B58853200F99BE9 /* EssentialFeed.framework */; platformFilter = ios; settings = {ATTRIBUTES = (CodeSignOnCopy, RemoveHeadersOnCopy, ); }; };
		99B93DA62B8BEB2700B9F68E /* XCTestCase+MemoryLeakTracking.swift in Sources */ = {isa = PBXBuildFile; fileRef = 99BD5DA42B6AFD91008BF084 /* XCTestCase+MemoryLeakTracking.swift */; };
		99B93DA82B8BF12A00B9F68E /* EssentialFeed.framework in Frameworks */ = {isa = PBXBuildFile; fileRef = 864893422B58853200F99BE9 /* EssentialFeed.framework */; platformFilter = ios; };
		99B93DA92B8BF12A00B9F68E /* EssentialFeed.framework in Embed Frameworks */ = {isa = PBXBuildFile; fileRef = 864893422B58853200F99BE9 /* EssentialFeed.framework */; platformFilter = ios; settings = {ATTRIBUTES = (CodeSignOnCopy, RemoveHeadersOnCopy, ); }; };
		99B93DAD2B8BF15A00B9F68E /* FeedUIIntegrationTests.swift in Sources */ = {isa = PBXBuildFile; fileRef = 99B93D9D2B8BE94A00B9F68E /* FeedUIIntegrationTests.swift */; };
		99B93DAF2B8BF19B00B9F68E /* FeedViewController.swift in Sources */ = {isa = PBXBuildFile; fileRef = 99B93DAE2B8BF19B00B9F68E /* FeedViewController.swift */; };
		99B93DB02B8BF1EB00B9F68E /* EssentialFeediOS.framework in Frameworks */ = {isa = PBXBuildFile; fileRef = 99F101052B8A7BDB00C65F35 /* EssentialFeediOS.framework */; };
		99B93DB12B8BF1EB00B9F68E /* EssentialFeediOS.framework in Embed Frameworks */ = {isa = PBXBuildFile; fileRef = 99F101052B8A7BDB00C65F35 /* EssentialFeediOS.framework */; settings = {ATTRIBUTES = (CodeSignOnCopy, RemoveHeadersOnCopy, ); }; };
		99BAAF7A2B86781F004539B0 /* FeedCacheTestHelpers.swift in Sources */ = {isa = PBXBuildFile; fileRef = 99FF23882B7FEEC700A536A1 /* FeedCacheTestHelpers.swift */; };
		99BAAF7B2B867832004539B0 /* SharedTestHelpers.swift in Sources */ = {isa = PBXBuildFile; fileRef = 99FF238A2B7FEF5100A536A1 /* SharedTestHelpers.swift */; };
		99BD5DA52B6AFD91008BF084 /* XCTestCase+MemoryLeakTracking.swift in Sources */ = {isa = PBXBuildFile; fileRef = 99BD5DA42B6AFD91008BF084 /* XCTestCase+MemoryLeakTracking.swift */; };
		99BD5DA72B6B07B1008BF084 /* URLSessionHTTPClient.swift in Sources */ = {isa = PBXBuildFile; fileRef = 99BD5DA62B6B07B1008BF084 /* URLSessionHTTPClient.swift */; };
		99CBDAE82B8FE4710055EDB5 /* FeedImagePresenter.swift in Sources */ = {isa = PBXBuildFile; fileRef = 99CBDAE72B8FE4710055EDB5 /* FeedImagePresenter.swift */; };
		99CBDAEA2B8FE7110055EDB5 /* FeedLoadingViewModel.swift in Sources */ = {isa = PBXBuildFile; fileRef = 99CBDAE92B8FE7110055EDB5 /* FeedLoadingViewModel.swift */; };
		99CBDAEC2B8FE8EE0055EDB5 /* FeedViewModel.swift in Sources */ = {isa = PBXBuildFile; fileRef = 99CBDAEB2B8FE8EE0055EDB5 /* FeedViewModel.swift */; };
		99D473152B840C1A00BAE42D /* FeedStoreSpecs.swift in Sources */ = {isa = PBXBuildFile; fileRef = 99D473142B840C1A00BAE42D /* FeedStoreSpecs.swift */; };
		99D473172B840C7600BAE42D /* XCTestCase+FeedStoreSpecs.swift in Sources */ = {isa = PBXBuildFile; fileRef = 99D473162B840C7600BAE42D /* XCTestCase+FeedStoreSpecs.swift */; };
		99D473192B840E8200BAE42D /* XCTestCase+FailableRetrieveFeedStoreSpecs.swift in Sources */ = {isa = PBXBuildFile; fileRef = 99D473182B840E8200BAE42D /* XCTestCase+FailableRetrieveFeedStoreSpecs.swift */; };
		99D4731B2B840EE700BAE42D /* XCTestCase+FailableInsertFeedStoreSpecs.swift in Sources */ = {isa = PBXBuildFile; fileRef = 99D4731A2B840EE700BAE42D /* XCTestCase+FailableInsertFeedStoreSpecs.swift */; };
		99D4731D2B840F3600BAE42D /* XCTestCase+FailableDeleteFeedStoreSpecs.swift in Sources */ = {isa = PBXBuildFile; fileRef = 99D4731C2B840F3600BAE42D /* XCTestCase+FailableDeleteFeedStoreSpecs.swift */; };
		99F224FD2B7FF58E00D2E185 /* FeedCachePolicy.swift in Sources */ = {isa = PBXBuildFile; fileRef = 99F224FC2B7FF58E00D2E185 /* FeedCachePolicy.swift */; };
		99FF23892B7FEEC700A536A1 /* FeedCacheTestHelpers.swift in Sources */ = {isa = PBXBuildFile; fileRef = 99FF23882B7FEEC700A536A1 /* FeedCacheTestHelpers.swift */; };
		99FF238B2B7FEF5100A536A1 /* SharedTestHelpers.swift in Sources */ = {isa = PBXBuildFile; fileRef = 99FF238A2B7FEF5100A536A1 /* SharedTestHelpers.swift */; };
/* End PBXBuildFile section */

/* Begin PBXContainerItemProxy section */
		8648934C2B58853200F99BE9 /* PBXContainerItemProxy */ = {
			isa = PBXContainerItemProxy;
			containerPortal = 864893392B58853200F99BE9 /* Project object */;
			proxyType = 1;
			remoteGlobalIDString = 864893412B58853200F99BE9;
			remoteInfo = EssentialFeed;
		};
		992107C12B6C50D0001E49F9 /* PBXContainerItemProxy */ = {
			isa = PBXContainerItemProxy;
			containerPortal = 864893392B58853200F99BE9 /* Project object */;
			proxyType = 1;
			remoteGlobalIDString = 864893412B58853200F99BE9;
			remoteInfo = EssentialFeed;
		};
		9951A6532B851C5F003C8110 /* PBXContainerItemProxy */ = {
			isa = PBXContainerItemProxy;
			containerPortal = 864893392B58853200F99BE9 /* Project object */;
			proxyType = 1;
			remoteGlobalIDString = 864893412B58853200F99BE9;
			remoteInfo = EssentialFeed;
		};
		99B93DA22B8BEAB300B9F68E /* PBXContainerItemProxy */ = {
			isa = PBXContainerItemProxy;
			containerPortal = 864893392B58853200F99BE9 /* Project object */;
			proxyType = 1;
			remoteGlobalIDString = 864893412B58853200F99BE9;
			remoteInfo = EssentialFeed;
		};
		99B93DAA2B8BF12A00B9F68E /* PBXContainerItemProxy */ = {
			isa = PBXContainerItemProxy;
			containerPortal = 864893392B58853200F99BE9 /* Project object */;
			proxyType = 1;
			remoteGlobalIDString = 864893412B58853200F99BE9;
			remoteInfo = EssentialFeed;
		};
		99B93DB22B8BF1EB00B9F68E /* PBXContainerItemProxy */ = {
			isa = PBXContainerItemProxy;
			containerPortal = 864893392B58853200F99BE9 /* Project object */;
			proxyType = 1;
			remoteGlobalIDString = 99F101042B8A7BDB00C65F35;
			remoteInfo = EssentialFeediOS;
		};
/* End PBXContainerItemProxy section */

/* Begin PBXCopyFilesBuildPhase section */
		99B93DA42B8BEAB300B9F68E /* Embed Frameworks */ = {
			isa = PBXCopyFilesBuildPhase;
			buildActionMask = 2147483647;
			dstPath = "";
			dstSubfolderSpec = 10;
			files = (
				99B93DA12B8BEAB300B9F68E /* EssentialFeed.framework in Embed Frameworks */,
			);
			name = "Embed Frameworks";
			runOnlyForDeploymentPostprocessing = 0;
		};
		99B93DAC2B8BF12A00B9F68E /* Embed Frameworks */ = {
			isa = PBXCopyFilesBuildPhase;
			buildActionMask = 2147483647;
			dstPath = "";
			dstSubfolderSpec = 10;
			files = (
				99B93DA92B8BF12A00B9F68E /* EssentialFeed.framework in Embed Frameworks */,
				99B93DB12B8BF1EB00B9F68E /* EssentialFeediOS.framework in Embed Frameworks */,
			);
			name = "Embed Frameworks";
			runOnlyForDeploymentPostprocessing = 0;
		};
/* End PBXCopyFilesBuildPhase section */

/* Begin PBXFileReference section */
		8619FBF02B758D340083E5C0 /* CacheFeedUseCaseTests.swift */ = {isa = PBXFileReference; lastKnownFileType = sourcecode.swift; path = CacheFeedUseCaseTests.swift; sourceTree = "<group>"; };
		864893422B58853200F99BE9 /* EssentialFeed.framework */ = {isa = PBXFileReference; explicitFileType = wrapper.framework; includeInIndex = 0; path = EssentialFeed.framework; sourceTree = BUILT_PRODUCTS_DIR; };
		8648934A2B58853200F99BE9 /* EssentialFeedTests.xctest */ = {isa = PBXFileReference; explicitFileType = wrapper.cfbundle; includeInIndex = 0; path = EssentialFeedTests.xctest; sourceTree = BUILT_PRODUCTS_DIR; };
		8648935F2B58866800F99BE9 /* FeedImage.swift */ = {isa = PBXFileReference; lastKnownFileType = sourcecode.swift; path = FeedImage.swift; sourceTree = "<group>"; };
		864893612B58869900F99BE9 /* FeedLoader.swift */ = {isa = PBXFileReference; lastKnownFileType = sourcecode.swift; path = FeedLoader.swift; sourceTree = "<group>"; };
		864893642B58882500F99BE9 /* LoadFeedFromRemoteUseCaseTests.swift */ = {isa = PBXFileReference; lastKnownFileType = sourcecode.swift; path = LoadFeedFromRemoteUseCaseTests.swift; sourceTree = "<group>"; };
		865775C02B5F18D000AF1B13 /* HTTPClient.swift */ = {isa = PBXFileReference; lastKnownFileType = sourcecode.swift; path = HTTPClient.swift; sourceTree = "<group>"; };
		865775C22B5F191500AF1B13 /* FeedItemsMapper.swift */ = {isa = PBXFileReference; lastKnownFileType = sourcecode.swift; path = FeedItemsMapper.swift; sourceTree = "<group>"; };
		86C50C1F2B588F29003CD864 /* RemoteFeedLoader.swift */ = {isa = PBXFileReference; lastKnownFileType = sourcecode.swift; path = RemoteFeedLoader.swift; sourceTree = "<group>"; };
		9906F9D92B8BF33600597AC5 /* EssentialFeedAPIEndToEndTests.xctestplan */ = {isa = PBXFileReference; lastKnownFileType = text; path = EssentialFeedAPIEndToEndTests.xctestplan; sourceTree = "<group>"; };
		992107B72B6C4EB4001E49F9 /* EssentialFeed_test_plan.xctestplan */ = {isa = PBXFileReference; lastKnownFileType = text; path = EssentialFeed_test_plan.xctestplan; sourceTree = "<group>"; };
		992107BC2B6C50D0001E49F9 /* EssentialFeedAPIEndToEndTests.xctest */ = {isa = PBXFileReference; explicitFileType = wrapper.cfbundle; includeInIndex = 0; path = EssentialFeedAPIEndToEndTests.xctest; sourceTree = BUILT_PRODUCTS_DIR; };
		992107BE2B6C50D0001E49F9 /* EssentialFeedAPIEndToEndTests.swift */ = {isa = PBXFileReference; lastKnownFileType = sourcecode.swift; path = EssentialFeedAPIEndToEndTests.swift; sourceTree = "<group>"; };
		992107C72B6C53F0001E49F9 /* CI_test_plan.xctestplan */ = {isa = PBXFileReference; lastKnownFileType = text; path = CI_test_plan.xctestplan; sourceTree = "<group>"; };
		992C41512B913066007F1820 /* Feed.storyboard */ = {isa = PBXFileReference; lastKnownFileType = file.storyboard; path = Feed.storyboard; sourceTree = "<group>"; };
		992C41532B9130EF007F1820 /* FeedAssets.xcassets */ = {isa = PBXFileReference; lastKnownFileType = folder.assetcatalog; path = FeedAssets.xcassets; sourceTree = "<group>"; };
		992C41552B913814007F1820 /* UITableView+Dequeueing.swift */ = {isa = PBXFileReference; lastKnownFileType = sourcecode.swift; path = "UITableView+Dequeueing.swift"; sourceTree = "<group>"; };
		992C41572B9138A2007F1820 /* UIImageView+Animations.swift */ = {isa = PBXFileReference; lastKnownFileType = sourcecode.swift; path = "UIImageView+Animations.swift"; sourceTree = "<group>"; };
		992C415E2B913F4B007F1820 /* FeedViewControllerTests+Localization.swift */ = {isa = PBXFileReference; lastKnownFileType = sourcecode.swift; path = "FeedViewControllerTests+Localization.swift"; sourceTree = "<group>"; };
		992C41612B9140E5007F1820 /* en */ = {isa = PBXFileReference; lastKnownFileType = text.plist.strings; name = en; path = en.lproj/Feed.strings; sourceTree = "<group>"; };
		992C41632B914125007F1820 /* pt-BR */ = {isa = PBXFileReference; lastKnownFileType = text.plist.strings; name = "pt-BR"; path = "pt-BR.lproj/Feed.strings"; sourceTree = "<group>"; };
		992C41642B91415D007F1820 /* el */ = {isa = PBXFileReference; lastKnownFileType = text.plist.strings; name = el; path = el.lproj/Feed.strings; sourceTree = "<group>"; };
		992C41662B9141CF007F1820 /* FeedLocalizationTests.swift */ = {isa = PBXFileReference; lastKnownFileType = sourcecode.swift; path = FeedLocalizationTests.swift; sourceTree = "<group>"; };
		99383EBA2B7FEBB000C0C33D /* ValidateFeedCacheUseCaseTests.swift */ = {isa = PBXFileReference; lastKnownFileType = sourcecode.swift; path = ValidateFeedCacheUseCaseTests.swift; sourceTree = "<group>"; };
		994154982B68230100D68D8B /* URLSessionHTTPClientTests.swift */ = {isa = PBXFileReference; lastKnownFileType = sourcecode.swift; path = URLSessionHTTPClientTests.swift; sourceTree = "<group>"; };
		9951A6442B851A5B003C8110 /* CoreDataHelpers.swift */ = {isa = PBXFileReference; lastKnownFileType = sourcecode.swift; path = CoreDataHelpers.swift; sourceTree = "<group>"; };
		9951A6462B851AC1003C8110 /* ManagedCache.swift */ = {isa = PBXFileReference; lastKnownFileType = sourcecode.swift; path = ManagedCache.swift; sourceTree = "<group>"; };
		9951A6482B851AD1003C8110 /* ManagedFeedImage.swift */ = {isa = PBXFileReference; lastKnownFileType = sourcecode.swift; path = ManagedFeedImage.swift; sourceTree = "<group>"; };
		9951A64E2B851C5F003C8110 /* EssentialFeedCacheIntegrationTests.xctest */ = {isa = PBXFileReference; explicitFileType = wrapper.cfbundle; includeInIndex = 0; path = EssentialFeedCacheIntegrationTests.xctest; sourceTree = BUILT_PRODUCTS_DIR; };
		9951A6502B851C5F003C8110 /* EssentialFeedCacheIntegrationTests.swift */ = {isa = PBXFileReference; lastKnownFileType = sourcecode.swift; path = EssentialFeedCacheIntegrationTests.swift; sourceTree = "<group>"; };
		9951A6582B851CA4003C8110 /* EssentialFeedCacheIntegrationTests.xctestplan */ = {isa = PBXFileReference; lastKnownFileType = text; path = EssentialFeedCacheIntegrationTests.xctestplan; sourceTree = "<group>"; };
		99797EBA2B850DE90002E07A /* CoreDataFeedStoreTests.swift */ = {isa = PBXFileReference; lastKnownFileType = sourcecode.swift; path = CoreDataFeedStoreTests.swift; sourceTree = "<group>"; };
		99797EBC2B850E1D0002E07A /* CoreDataFeedStore.swift */ = {isa = PBXFileReference; lastKnownFileType = sourcecode.swift; path = CoreDataFeedStore.swift; sourceTree = "<group>"; };
		99797EBF2B8512900002E07A /* FeedStore.xcdatamodel */ = {isa = PBXFileReference; lastKnownFileType = wrapper.xcdatamodel; path = FeedStore.xcdatamodel; sourceTree = "<group>"; };
		9988164A2B951A3D004AE969 /* MainQueueDispatchDecorator.swift */ = {isa = PBXFileReference; lastKnownFileType = sourcecode.swift; path = MainQueueDispatchDecorator.swift; sourceTree = "<group>"; };
		9988164C2B951AFB004AE969 /* WeakRefVirtualProxy.swift */ = {isa = PBXFileReference; lastKnownFileType = sourcecode.swift; path = WeakRefVirtualProxy.swift; sourceTree = "<group>"; };
		9988164E2B951B2C004AE969 /* FeedImageDataLoaderPresentationAdapter.swift */ = {isa = PBXFileReference; lastKnownFileType = sourcecode.swift; path = FeedImageDataLoaderPresentationAdapter.swift; sourceTree = "<group>"; };
		998816502B951B65004AE969 /* FeedLoaderPresentationAdapter.swift */ = {isa = PBXFileReference; lastKnownFileType = sourcecode.swift; path = FeedLoaderPresentationAdapter.swift; sourceTree = "<group>"; };
		998816522B951BAA004AE969 /* FeedViewAdapter.swift */ = {isa = PBXFileReference; lastKnownFileType = sourcecode.swift; path = FeedViewAdapter.swift; sourceTree = "<group>"; };
		998816542B952256004AE969 /* ErrorView.swift */ = {isa = PBXFileReference; lastKnownFileType = sourcecode.swift; path = ErrorView.swift; sourceTree = "<group>"; };
		998816572B952B61004AE969 /* FeedErrorViewModel.swift */ = {isa = PBXFileReference; lastKnownFileType = sourcecode.swift; path = FeedErrorViewModel.swift; sourceTree = "<group>"; };
		998816592B952B99004AE969 /* UIRefreshControl+Helpers.swift */ = {isa = PBXFileReference; lastKnownFileType = sourcecode.swift; path = "UIRefreshControl+Helpers.swift"; sourceTree = "<group>"; };
		9993479A2B7E714E0086DA3E /* LocalFeedLoader.swift */ = {isa = PBXFileReference; lastKnownFileType = sourcecode.swift; path = LocalFeedLoader.swift; sourceTree = "<group>"; };
		9993479C2B7E71C80086DA3E /* FeedStore.swift */ = {isa = PBXFileReference; lastKnownFileType = sourcecode.swift; path = FeedStore.swift; sourceTree = "<group>"; };
		9993479E2B7E76E60086DA3E /* RemoteFeedItem.swift */ = {isa = PBXFileReference; lastKnownFileType = sourcecode.swift; path = RemoteFeedItem.swift; sourceTree = "<group>"; };
		999347A02B7E77410086DA3E /* LocalFeedImage.swift */ = {isa = PBXFileReference; lastKnownFileType = sourcecode.swift; path = LocalFeedImage.swift; sourceTree = "<group>"; };
		999347A22B7E7E3B0086DA3E /* LoadFeedFromCacheUseCaseTests.swift */ = {isa = PBXFileReference; lastKnownFileType = sourcecode.swift; path = LoadFeedFromCacheUseCaseTests.swift; sourceTree = "<group>"; };
		999347A52B7E7F210086DA3E /* FeedStoreSpy.swift */ = {isa = PBXFileReference; lastKnownFileType = sourcecode.swift; path = FeedStoreSpy.swift; sourceTree = "<group>"; };
		99B764EC2B8CEE6B00D34C7C /* FeedImageCell.swift */ = {isa = PBXFileReference; lastKnownFileType = sourcecode.swift; path = FeedImageCell.swift; sourceTree = "<group>"; };
		99B764EE2B8CF1F400D34C7C /* UIView+Shimmering.swift */ = {isa = PBXFileReference; lastKnownFileType = sourcecode.swift; path = "UIView+Shimmering.swift"; sourceTree = "<group>"; };
		99B764F12B8CF7D800D34C7C /* FeedImageDataLoader.swift */ = {isa = PBXFileReference; lastKnownFileType = sourcecode.swift; path = FeedImageDataLoader.swift; sourceTree = "<group>"; };
		99B764F72B8CF87200D34C7C /* UIImage+TestHelpers.swift */ = {isa = PBXFileReference; lastKnownFileType = sourcecode.swift; path = "UIImage+TestHelpers.swift"; sourceTree = "<group>"; };
		99B764F92B8CF8A500D34C7C /* UIRefreshControl+TestHelpers.swift */ = {isa = PBXFileReference; lastKnownFileType = sourcecode.swift; path = "UIRefreshControl+TestHelpers.swift"; sourceTree = "<group>"; };
		99B764FB2B8CF8C700D34C7C /* UIButton+TestHelpers.swift */ = {isa = PBXFileReference; lastKnownFileType = sourcecode.swift; path = "UIButton+TestHelpers.swift"; sourceTree = "<group>"; };
		99B764FD2B8CF90B00D34C7C /* UIControl+TestHelpers.swift */ = {isa = PBXFileReference; lastKnownFileType = sourcecode.swift; path = "UIControl+TestHelpers.swift"; sourceTree = "<group>"; };
		99B764FF2B8CF95300D34C7C /* FeedViewController+TestHelpers.swift */ = {isa = PBXFileReference; lastKnownFileType = sourcecode.swift; path = "FeedViewController+TestHelpers.swift"; sourceTree = "<group>"; };
		99B765012B8CF99F00D34C7C /* FeedImageCell+TestHelpers.swift */ = {isa = PBXFileReference; lastKnownFileType = sourcecode.swift; path = "FeedImageCell+TestHelpers.swift"; sourceTree = "<group>"; };
		99B765032B8CF9CC00D34C7C /* FeedViewControllerTests+LoaderSpy.swift */ = {isa = PBXFileReference; lastKnownFileType = sourcecode.swift; path = "FeedViewControllerTests+LoaderSpy.swift"; sourceTree = "<group>"; };
		99B765052B8CFA1D00D34C7C /* FeedViewControllerTests+Assertions.swift */ = {isa = PBXFileReference; lastKnownFileType = sourcecode.swift; path = "FeedViewControllerTests+Assertions.swift"; sourceTree = "<group>"; };
		99B7650A2B8CFC1800D34C7C /* FeedRefreshViewController.swift */ = {isa = PBXFileReference; lastKnownFileType = sourcecode.swift; path = FeedRefreshViewController.swift; sourceTree = "<group>"; };
		99B7650C2B8D009300D34C7C /* FeedImageCellController.swift */ = {isa = PBXFileReference; lastKnownFileType = sourcecode.swift; path = FeedImageCellController.swift; sourceTree = "<group>"; };
		99B7650F2B8D014E00D34C7C /* FeedUIComposer.swift */ = {isa = PBXFileReference; lastKnownFileType = sourcecode.swift; path = FeedUIComposer.swift; sourceTree = "<group>"; };
		99B765152B8E512E00D34C7C /* FeedImageViewModel.swift */ = {isa = PBXFileReference; lastKnownFileType = sourcecode.swift; path = FeedImageViewModel.swift; sourceTree = "<group>"; };
		99B765172B8E54A500D34C7C /* FeedPresenter.swift */ = {isa = PBXFileReference; lastKnownFileType = sourcecode.swift; path = FeedPresenter.swift; sourceTree = "<group>"; };
		99B93D9D2B8BE94A00B9F68E /* FeedUIIntegrationTests.swift */ = {isa = PBXFileReference; lastKnownFileType = sourcecode.swift; path = FeedUIIntegrationTests.swift; sourceTree = "<group>"; };
		99B93DA72B8BF07800B9F68E /* EssentialFeediOSTests.xctestplan */ = {isa = PBXFileReference; lastKnownFileType = text; path = EssentialFeediOSTests.xctestplan; sourceTree = "<group>"; };
		99B93DAE2B8BF19B00B9F68E /* FeedViewController.swift */ = {isa = PBXFileReference; lastKnownFileType = sourcecode.swift; path = FeedViewController.swift; sourceTree = "<group>"; };
		99BD5DA42B6AFD91008BF084 /* XCTestCase+MemoryLeakTracking.swift */ = {isa = PBXFileReference; lastKnownFileType = sourcecode.swift; path = "XCTestCase+MemoryLeakTracking.swift"; sourceTree = "<group>"; };
		99BD5DA62B6B07B1008BF084 /* URLSessionHTTPClient.swift */ = {isa = PBXFileReference; lastKnownFileType = sourcecode.swift; path = URLSessionHTTPClient.swift; sourceTree = "<group>"; };
		99CBDAE72B8FE4710055EDB5 /* FeedImagePresenter.swift */ = {isa = PBXFileReference; lastKnownFileType = sourcecode.swift; path = FeedImagePresenter.swift; sourceTree = "<group>"; };
		99CBDAE92B8FE7110055EDB5 /* FeedLoadingViewModel.swift */ = {isa = PBXFileReference; lastKnownFileType = sourcecode.swift; path = FeedLoadingViewModel.swift; sourceTree = "<group>"; };
		99CBDAEB2B8FE8EE0055EDB5 /* FeedViewModel.swift */ = {isa = PBXFileReference; lastKnownFileType = sourcecode.swift; path = FeedViewModel.swift; sourceTree = "<group>"; };
		99D473142B840C1A00BAE42D /* FeedStoreSpecs.swift */ = {isa = PBXFileReference; lastKnownFileType = sourcecode.swift; path = FeedStoreSpecs.swift; sourceTree = "<group>"; };
		99D473162B840C7600BAE42D /* XCTestCase+FeedStoreSpecs.swift */ = {isa = PBXFileReference; lastKnownFileType = sourcecode.swift; path = "XCTestCase+FeedStoreSpecs.swift"; sourceTree = "<group>"; };
		99D473182B840E8200BAE42D /* XCTestCase+FailableRetrieveFeedStoreSpecs.swift */ = {isa = PBXFileReference; lastKnownFileType = sourcecode.swift; path = "XCTestCase+FailableRetrieveFeedStoreSpecs.swift"; sourceTree = "<group>"; };
		99D4731A2B840EE700BAE42D /* XCTestCase+FailableInsertFeedStoreSpecs.swift */ = {isa = PBXFileReference; lastKnownFileType = sourcecode.swift; path = "XCTestCase+FailableInsertFeedStoreSpecs.swift"; sourceTree = "<group>"; };
		99D4731C2B840F3600BAE42D /* XCTestCase+FailableDeleteFeedStoreSpecs.swift */ = {isa = PBXFileReference; lastKnownFileType = sourcecode.swift; path = "XCTestCase+FailableDeleteFeedStoreSpecs.swift"; sourceTree = "<group>"; };
		99F101052B8A7BDB00C65F35 /* EssentialFeediOS.framework */ = {isa = PBXFileReference; explicitFileType = wrapper.framework; includeInIndex = 0; path = EssentialFeediOS.framework; sourceTree = BUILT_PRODUCTS_DIR; };
		99F1010C2B8A7BDC00C65F35 /* EssentialFeediOSTests.xctest */ = {isa = PBXFileReference; explicitFileType = wrapper.cfbundle; includeInIndex = 0; path = EssentialFeediOSTests.xctest; sourceTree = BUILT_PRODUCTS_DIR; };
		99F1011C2B8A7E3900C65F35 /* CI_iOS_test.xctestplan */ = {isa = PBXFileReference; lastKnownFileType = text; name = CI_iOS_test.xctestplan; path = CI_iOS/CI_iOS_test.xctestplan; sourceTree = SOURCE_ROOT; };
		99F224FC2B7FF58E00D2E185 /* FeedCachePolicy.swift */ = {isa = PBXFileReference; lastKnownFileType = sourcecode.swift; path = FeedCachePolicy.swift; sourceTree = "<group>"; };
		99FF23882B7FEEC700A536A1 /* FeedCacheTestHelpers.swift */ = {isa = PBXFileReference; lastKnownFileType = sourcecode.swift; path = FeedCacheTestHelpers.swift; sourceTree = "<group>"; };
		99FF238A2B7FEF5100A536A1 /* SharedTestHelpers.swift */ = {isa = PBXFileReference; lastKnownFileType = sourcecode.swift; path = SharedTestHelpers.swift; sourceTree = "<group>"; };
/* End PBXFileReference section */

/* Begin PBXFrameworksBuildPhase section */
		8648933F2B58853200F99BE9 /* Frameworks */ = {
			isa = PBXFrameworksBuildPhase;
			buildActionMask = 2147483647;
			files = (
			);
			runOnlyForDeploymentPostprocessing = 0;
		};
		864893472B58853200F99BE9 /* Frameworks */ = {
			isa = PBXFrameworksBuildPhase;
			buildActionMask = 2147483647;
			files = (
				8648934B2B58853200F99BE9 /* EssentialFeed.framework in Frameworks */,
			);
			runOnlyForDeploymentPostprocessing = 0;
		};
		992107B92B6C50D0001E49F9 /* Frameworks */ = {
			isa = PBXFrameworksBuildPhase;
			buildActionMask = 2147483647;
			files = (
				992107C02B6C50D0001E49F9 /* EssentialFeed.framework in Frameworks */,
			);
			runOnlyForDeploymentPostprocessing = 0;
		};
		9951A64B2B851C5F003C8110 /* Frameworks */ = {
			isa = PBXFrameworksBuildPhase;
			buildActionMask = 2147483647;
			files = (
				9951A6522B851C5F003C8110 /* EssentialFeed.framework in Frameworks */,
			);
			runOnlyForDeploymentPostprocessing = 0;
		};
		99F101022B8A7BDB00C65F35 /* Frameworks */ = {
			isa = PBXFrameworksBuildPhase;
			buildActionMask = 2147483647;
			files = (
				99B93DA02B8BEAB300B9F68E /* EssentialFeed.framework in Frameworks */,
			);
			runOnlyForDeploymentPostprocessing = 0;
		};
		99F101092B8A7BDC00C65F35 /* Frameworks */ = {
			isa = PBXFrameworksBuildPhase;
			buildActionMask = 2147483647;
			files = (
				99B93DA82B8BF12A00B9F68E /* EssentialFeed.framework in Frameworks */,
				99B93DB02B8BF1EB00B9F68E /* EssentialFeediOS.framework in Frameworks */,
			);
			runOnlyForDeploymentPostprocessing = 0;
		};
/* End PBXFrameworksBuildPhase section */

/* Begin PBXGroup section */
		8619FBEF2B758D000083E5C0 /* Feed Cache */ = {
			isa = PBXGroup;
			children = (
				999347A42B7E7F100086DA3E /* Helpers */,
				99D4731E2B840F9400BAE42D /* FeedStoreSpecs */,
				8619FBF02B758D340083E5C0 /* CacheFeedUseCaseTests.swift */,
				999347A22B7E7E3B0086DA3E /* LoadFeedFromCacheUseCaseTests.swift */,
				99383EBA2B7FEBB000C0C33D /* ValidateFeedCacheUseCaseTests.swift */,
				99797EBA2B850DE90002E07A /* CoreDataFeedStoreTests.swift */,
			);
			path = "Feed Cache";
			sourceTree = "<group>";
		};
		864893382B58853200F99BE9 = {
			isa = PBXGroup;
			children = (
				8648935E2B58865D00F99BE9 /* EssentialFeed */,
				8648934E2B58853200F99BE9 /* EssentialFeedTests */,
				992107BD2B6C50D0001E49F9 /* EssentialFeedAPIEndToEndTests */,
				9951A64F2B851C5F003C8110 /* EssentialFeedCacheIntegrationTests */,
				86A18DB42B6C623A000687FD /* CI_macOS */,
				995A4C432B8A80A600C7277E /* CI_iOS */,
				99F101062B8A7BDB00C65F35 /* EssentialFeediOS */,
				99F101102B8A7BDC00C65F35 /* EssentialFeediOSTests */,
				864893432B58853200F99BE9 /* Products */,
				99B93D9F2B8BEAB300B9F68E /* Frameworks */,
			);
			sourceTree = "<group>";
		};
		864893432B58853200F99BE9 /* Products */ = {
			isa = PBXGroup;
			children = (
				864893422B58853200F99BE9 /* EssentialFeed.framework */,
				8648934A2B58853200F99BE9 /* EssentialFeedTests.xctest */,
				992107BC2B6C50D0001E49F9 /* EssentialFeedAPIEndToEndTests.xctest */,
				9951A64E2B851C5F003C8110 /* EssentialFeedCacheIntegrationTests.xctest */,
				99F101052B8A7BDB00C65F35 /* EssentialFeediOS.framework */,
				99F1010C2B8A7BDC00C65F35 /* EssentialFeediOSTests.xctest */,
			);
			name = Products;
			sourceTree = "<group>";
		};
		8648934E2B58853200F99BE9 /* EssentialFeedTests */ = {
			isa = PBXGroup;
			children = (
				992107B72B6C4EB4001E49F9 /* EssentialFeed_test_plan.xctestplan */,
				99BD5DA32B6AFD72008BF084 /* Helpers */,
				8619FBEF2B758D000083E5C0 /* Feed Cache */,
				865775C42B5F1CB700AF1B13 /* Feed API */,
			);
			path = EssentialFeedTests;
			sourceTree = "<group>";
		};
		8648935E2B58865D00F99BE9 /* EssentialFeed */ = {
			isa = PBXGroup;
			children = (
				999347992B7E713F0086DA3E /* Feed Cache */,
				864893632B58870700F99BE9 /* Feed Feature */,
				86C50C1E2B588F12003CD864 /* Feed API */,
			);
			path = EssentialFeed;
			sourceTree = "<group>";
		};
		864893632B58870700F99BE9 /* Feed Feature */ = {
			isa = PBXGroup;
			children = (
				8648935F2B58866800F99BE9 /* FeedImage.swift */,
				864893612B58869900F99BE9 /* FeedLoader.swift */,
			);
			path = "Feed Feature";
			sourceTree = "<group>";
		};
		865775C42B5F1CB700AF1B13 /* Feed API */ = {
			isa = PBXGroup;
			children = (
				864893642B58882500F99BE9 /* LoadFeedFromRemoteUseCaseTests.swift */,
				994154982B68230100D68D8B /* URLSessionHTTPClientTests.swift */,
			);
			path = "Feed API";
			sourceTree = "<group>";
		};
		86A18DB42B6C623A000687FD /* CI_macOS */ = {
			isa = PBXGroup;
			children = (
				992107C72B6C53F0001E49F9 /* CI_test_plan.xctestplan */,
			);
			path = CI_macOS;
			sourceTree = "<group>";
		};
		86C50C1E2B588F12003CD864 /* Feed API */ = {
			isa = PBXGroup;
			children = (
				86C50C1F2B588F29003CD864 /* RemoteFeedLoader.swift */,
				865775C02B5F18D000AF1B13 /* HTTPClient.swift */,
				865775C22B5F191500AF1B13 /* FeedItemsMapper.swift */,
				99BD5DA62B6B07B1008BF084 /* URLSessionHTTPClient.swift */,
				9993479E2B7E76E60086DA3E /* RemoteFeedItem.swift */,
			);
			path = "Feed API";
			sourceTree = "<group>";
		};
		992107BD2B6C50D0001E49F9 /* EssentialFeedAPIEndToEndTests */ = {
			isa = PBXGroup;
			children = (
				9906F9D92B8BF33600597AC5 /* EssentialFeedAPIEndToEndTests.xctestplan */,
				992107BE2B6C50D0001E49F9 /* EssentialFeedAPIEndToEndTests.swift */,
			);
			path = EssentialFeedAPIEndToEndTests;
			sourceTree = "<group>";
		};
		992C41652B9141AF007F1820 /* Feed Presentation */ = {
			isa = PBXGroup;
			children = (
				992C41662B9141CF007F1820 /* FeedLocalizationTests.swift */,
			);
			path = "Feed Presentation";
			sourceTree = "<group>";
		};
		9951A6422B8519F9003C8110 /* Infrastructure */ = {
			isa = PBXGroup;
			children = (
				99797EC12B8513E80002E07A /* Core Data */,
			);
			path = Infrastructure;
			sourceTree = "<group>";
		};
		9951A64F2B851C5F003C8110 /* EssentialFeedCacheIntegrationTests */ = {
			isa = PBXGroup;
			children = (
				9951A6582B851CA4003C8110 /* EssentialFeedCacheIntegrationTests.xctestplan */,
				9951A6502B851C5F003C8110 /* EssentialFeedCacheIntegrationTests.swift */,
			);
			path = EssentialFeedCacheIntegrationTests;
			sourceTree = "<group>";
		};
		995A4C432B8A80A600C7277E /* CI_iOS */ = {
			isa = PBXGroup;
			children = (
				99F1011C2B8A7E3900C65F35 /* CI_iOS_test.xctestplan */,
			);
			path = CI_iOS;
			sourceTree = "<group>";
		};
		99797EC12B8513E80002E07A /* Core Data */ = {
			isa = PBXGroup;
			children = (
				9951A6482B851AD1003C8110 /* ManagedFeedImage.swift */,
				9951A6462B851AC1003C8110 /* ManagedCache.swift */,
				99797EBC2B850E1D0002E07A /* CoreDataFeedStore.swift */,
				9951A6442B851A5B003C8110 /* CoreDataHelpers.swift */,
				99797EBE2B8512900002E07A /* FeedStore.xcdatamodeld */,
			);
			path = "Core Data";
			sourceTree = "<group>";
		};
		998816562B952B3C004AE969 /* Helpers */ = {
			isa = PBXGroup;
			children = (
				99B764EE2B8CF1F400D34C7C /* UIView+Shimmering.swift */,
				992C41552B913814007F1820 /* UITableView+Dequeueing.swift */,
				992C41572B9138A2007F1820 /* UIImageView+Animations.swift */,
				998816592B952B99004AE969 /* UIRefreshControl+Helpers.swift */,
			);
			path = Helpers;
			sourceTree = "<group>";
		};
		999347992B7E713F0086DA3E /* Feed Cache */ = {
			isa = PBXGroup;
			children = (
				9951A6422B8519F9003C8110 /* Infrastructure */,
				9993479A2B7E714E0086DA3E /* LocalFeedLoader.swift */,
				9993479C2B7E71C80086DA3E /* FeedStore.swift */,
				999347A02B7E77410086DA3E /* LocalFeedImage.swift */,
				99F224FC2B7FF58E00D2E185 /* FeedCachePolicy.swift */,
			);
			path = "Feed Cache";
			sourceTree = "<group>";
		};
		999347A42B7E7F100086DA3E /* Helpers */ = {
			isa = PBXGroup;
			children = (
				999347A52B7E7F210086DA3E /* FeedStoreSpy.swift */,
				99FF23882B7FEEC700A536A1 /* FeedCacheTestHelpers.swift */,
			);
			path = Helpers;
			sourceTree = "<group>";
		};
		99B764F02B8CF7C500D34C7C /* Feed Image Loader */ = {
			isa = PBXGroup;
			children = (
				99B764F12B8CF7D800D34C7C /* FeedImageDataLoader.swift */,
			);
			path = "Feed Image Loader";
			sourceTree = "<group>";
		};
		99B764F32B8CF80100D34C7C /* Feed UI */ = {
			isa = PBXGroup;
			children = (
				99B765122B8E4F0C00D34C7C /* Feed Presentation */,
				99B7650E2B8D014900D34C7C /* Composers */,
				99B764F42B8CF80900D34C7C /* Controllers */,
				99B764F52B8CF80F00D34C7C /* Views */,
			);
			path = "Feed UI";
			sourceTree = "<group>";
		};
		99B764F42B8CF80900D34C7C /* Controllers */ = {
			isa = PBXGroup;
			children = (
				99B93DAE2B8BF19B00B9F68E /* FeedViewController.swift */,
				99B7650A2B8CFC1800D34C7C /* FeedRefreshViewController.swift */,
				99B7650C2B8D009300D34C7C /* FeedImageCellController.swift */,
			);
			path = Controllers;
			sourceTree = "<group>";
		};
		99B764F52B8CF80F00D34C7C /* Views */ = {
			isa = PBXGroup;
			children = (
				998816562B952B3C004AE969 /* Helpers */,
				99B764EC2B8CEE6B00D34C7C /* FeedImageCell.swift */,
				998816542B952256004AE969 /* ErrorView.swift */,
				992C41512B913066007F1820 /* Feed.storyboard */,
				992C41532B9130EF007F1820 /* FeedAssets.xcassets */,
			);
			path = Views;
			sourceTree = "<group>";
		};
		99B765072B8CFABF00D34C7C /* Feed UI */ = {
			isa = PBXGroup;
			children = (
				99B765092B8CFB1B00D34C7C /* Helpers */,
				99B93D9D2B8BE94A00B9F68E /* FeedUIIntegrationTests.swift */,
			);
			path = "Feed UI";
			sourceTree = "<group>";
		};
		99B765092B8CFB1B00D34C7C /* Helpers */ = {
			isa = PBXGroup;
			children = (
				99B764F72B8CF87200D34C7C /* UIImage+TestHelpers.swift */,
				99B764F92B8CF8A500D34C7C /* UIRefreshControl+TestHelpers.swift */,
				99B764FB2B8CF8C700D34C7C /* UIButton+TestHelpers.swift */,
				99B764FD2B8CF90B00D34C7C /* UIControl+TestHelpers.swift */,
				99B765032B8CF9CC00D34C7C /* FeedViewControllerTests+LoaderSpy.swift */,
				99B765052B8CFA1D00D34C7C /* FeedViewControllerTests+Assertions.swift */,
				99B764FF2B8CF95300D34C7C /* FeedViewController+TestHelpers.swift */,
				99B765012B8CF99F00D34C7C /* FeedImageCell+TestHelpers.swift */,
				992C415E2B913F4B007F1820 /* FeedViewControllerTests+Localization.swift */,
			);
			path = Helpers;
			sourceTree = "<group>";
		};
		99B7650E2B8D014900D34C7C /* Composers */ = {
			isa = PBXGroup;
			children = (
				99B7650F2B8D014E00D34C7C /* FeedUIComposer.swift */,
				9988164A2B951A3D004AE969 /* MainQueueDispatchDecorator.swift */,
				9988164C2B951AFB004AE969 /* WeakRefVirtualProxy.swift */,
				9988164E2B951B2C004AE969 /* FeedImageDataLoaderPresentationAdapter.swift */,
				998816502B951B65004AE969 /* FeedLoaderPresentationAdapter.swift */,
				998816522B951BAA004AE969 /* FeedViewAdapter.swift */,
			);
			path = Composers;
			sourceTree = "<group>";
		};
		99B765122B8E4F0C00D34C7C /* Feed Presentation */ = {
			isa = PBXGroup;
			children = (
				992C41622B9140E5007F1820 /* Feed.strings */,
				99B765152B8E512E00D34C7C /* FeedImageViewModel.swift */,
				99B765172B8E54A500D34C7C /* FeedPresenter.swift */,
				99CBDAE72B8FE4710055EDB5 /* FeedImagePresenter.swift */,
				99CBDAE92B8FE7110055EDB5 /* FeedLoadingViewModel.swift */,
				99CBDAEB2B8FE8EE0055EDB5 /* FeedViewModel.swift */,
				998816572B952B61004AE969 /* FeedErrorViewModel.swift */,
			);
			path = "Feed Presentation";
			sourceTree = "<group>";
		};
		99B93D9F2B8BEAB300B9F68E /* Frameworks */ = {
			isa = PBXGroup;
			children = (
			);
			name = Frameworks;
			sourceTree = "<group>";
		};
		99BD5DA32B6AFD72008BF084 /* Helpers */ = {
			isa = PBXGroup;
			children = (
				99BD5DA42B6AFD91008BF084 /* XCTestCase+MemoryLeakTracking.swift */,
				99FF238A2B7FEF5100A536A1 /* SharedTestHelpers.swift */,
			);
			path = Helpers;
			sourceTree = "<group>";
		};
		99D4731E2B840F9400BAE42D /* FeedStoreSpecs */ = {
			isa = PBXGroup;
			children = (
				99D473142B840C1A00BAE42D /* FeedStoreSpecs.swift */,
				99D473162B840C7600BAE42D /* XCTestCase+FeedStoreSpecs.swift */,
				99D473182B840E8200BAE42D /* XCTestCase+FailableRetrieveFeedStoreSpecs.swift */,
				99D4731A2B840EE700BAE42D /* XCTestCase+FailableInsertFeedStoreSpecs.swift */,
				99D4731C2B840F3600BAE42D /* XCTestCase+FailableDeleteFeedStoreSpecs.swift */,
			);
			path = FeedStoreSpecs;
			sourceTree = "<group>";
		};
		99F101062B8A7BDB00C65F35 /* EssentialFeediOS */ = {
			isa = PBXGroup;
			children = (
				99B764F32B8CF80100D34C7C /* Feed UI */,
				99B764F02B8CF7C500D34C7C /* Feed Image Loader */,
			);
			path = EssentialFeediOS;
			sourceTree = "<group>";
		};
		99F101102B8A7BDC00C65F35 /* EssentialFeediOSTests */ = {
			isa = PBXGroup;
			children = (
				99B93DA72B8BF07800B9F68E /* EssentialFeediOSTests.xctestplan */,
				992C41652B9141AF007F1820 /* Feed Presentation */,
				99B765072B8CFABF00D34C7C /* Feed UI */,
			);
			path = EssentialFeediOSTests;
			sourceTree = "<group>";
		};
/* End PBXGroup section */

/* Begin PBXHeadersBuildPhase section */
		8648933D2B58853200F99BE9 /* Headers */ = {
			isa = PBXHeadersBuildPhase;
			buildActionMask = 2147483647;
			files = (
			);
			runOnlyForDeploymentPostprocessing = 0;
		};
		99F101002B8A7BDB00C65F35 /* Headers */ = {
			isa = PBXHeadersBuildPhase;
			buildActionMask = 2147483647;
			files = (
			);
			runOnlyForDeploymentPostprocessing = 0;
		};
/* End PBXHeadersBuildPhase section */

/* Begin PBXNativeTarget section */
		864893412B58853200F99BE9 /* EssentialFeed */ = {
			isa = PBXNativeTarget;
			buildConfigurationList = 864893542B58853200F99BE9 /* Build configuration list for PBXNativeTarget "EssentialFeed" */;
			buildPhases = (
				8648933D2B58853200F99BE9 /* Headers */,
				8648933E2B58853200F99BE9 /* Sources */,
				8648933F2B58853200F99BE9 /* Frameworks */,
				864893402B58853200F99BE9 /* Resources */,
			);
			buildRules = (
			);
			dependencies = (
			);
			name = EssentialFeed;
			productName = EssentialFeed;
			productReference = 864893422B58853200F99BE9 /* EssentialFeed.framework */;
			productType = "com.apple.product-type.framework";
		};
		864893492B58853200F99BE9 /* EssentialFeedTests */ = {
			isa = PBXNativeTarget;
			buildConfigurationList = 864893572B58853200F99BE9 /* Build configuration list for PBXNativeTarget "EssentialFeedTests" */;
			buildPhases = (
				864893462B58853200F99BE9 /* Sources */,
				864893472B58853200F99BE9 /* Frameworks */,
				864893482B58853200F99BE9 /* Resources */,
			);
			buildRules = (
			);
			dependencies = (
				8648934D2B58853200F99BE9 /* PBXTargetDependency */,
			);
			name = EssentialFeedTests;
			productName = EssentialFeedTests;
			productReference = 8648934A2B58853200F99BE9 /* EssentialFeedTests.xctest */;
			productType = "com.apple.product-type.bundle.unit-test";
		};
		992107BB2B6C50D0001E49F9 /* EssentialFeedAPIEndToEndTests */ = {
			isa = PBXNativeTarget;
			buildConfigurationList = 992107C32B6C50D0001E49F9 /* Build configuration list for PBXNativeTarget "EssentialFeedAPIEndToEndTests" */;
			buildPhases = (
				992107B82B6C50D0001E49F9 /* Sources */,
				992107B92B6C50D0001E49F9 /* Frameworks */,
				992107BA2B6C50D0001E49F9 /* Resources */,
			);
			buildRules = (
			);
			dependencies = (
				992107C22B6C50D0001E49F9 /* PBXTargetDependency */,
			);
			name = EssentialFeedAPIEndToEndTests;
			productName = EssentialFeedAPIEndToEndTests;
			productReference = 992107BC2B6C50D0001E49F9 /* EssentialFeedAPIEndToEndTests.xctest */;
			productType = "com.apple.product-type.bundle.unit-test";
		};
		9951A64D2B851C5F003C8110 /* EssentialFeedCacheIntegrationTests */ = {
			isa = PBXNativeTarget;
			buildConfigurationList = 9951A6552B851C5F003C8110 /* Build configuration list for PBXNativeTarget "EssentialFeedCacheIntegrationTests" */;
			buildPhases = (
				9951A64A2B851C5F003C8110 /* Sources */,
				9951A64B2B851C5F003C8110 /* Frameworks */,
				9951A64C2B851C5F003C8110 /* Resources */,
			);
			buildRules = (
			);
			dependencies = (
				9951A6542B851C5F003C8110 /* PBXTargetDependency */,
			);
			name = EssentialFeedCacheIntegrationTests;
			productName = EssentialFeedCacheIntegrationTests;
			productReference = 9951A64E2B851C5F003C8110 /* EssentialFeedCacheIntegrationTests.xctest */;
			productType = "com.apple.product-type.bundle.unit-test";
		};
		99F101042B8A7BDB00C65F35 /* EssentialFeediOS */ = {
			isa = PBXNativeTarget;
			buildConfigurationList = 99F101182B8A7BDC00C65F35 /* Build configuration list for PBXNativeTarget "EssentialFeediOS" */;
			buildPhases = (
				99F101002B8A7BDB00C65F35 /* Headers */,
				99F101012B8A7BDB00C65F35 /* Sources */,
				99F101022B8A7BDB00C65F35 /* Frameworks */,
				99F101032B8A7BDB00C65F35 /* Resources */,
				99B93DA42B8BEAB300B9F68E /* Embed Frameworks */,
			);
			buildRules = (
			);
			dependencies = (
				99B93DA32B8BEAB300B9F68E /* PBXTargetDependency */,
			);
			name = EssentialFeediOS;
			productName = EssentialFeediOS;
			productReference = 99F101052B8A7BDB00C65F35 /* EssentialFeediOS.framework */;
			productType = "com.apple.product-type.framework";
		};
		99F1010B2B8A7BDC00C65F35 /* EssentialFeediOSTests */ = {
			isa = PBXNativeTarget;
			buildConfigurationList = 99F101192B8A7BDC00C65F35 /* Build configuration list for PBXNativeTarget "EssentialFeediOSTests" */;
			buildPhases = (
				99F101082B8A7BDC00C65F35 /* Sources */,
				99F101092B8A7BDC00C65F35 /* Frameworks */,
				99F1010A2B8A7BDC00C65F35 /* Resources */,
				99B93DAC2B8BF12A00B9F68E /* Embed Frameworks */,
			);
			buildRules = (
			);
			dependencies = (
				99B93DAB2B8BF12A00B9F68E /* PBXTargetDependency */,
				99B93DB32B8BF1EB00B9F68E /* PBXTargetDependency */,
			);
			name = EssentialFeediOSTests;
			productName = EssentialFeediOSTests;
			productReference = 99F1010C2B8A7BDC00C65F35 /* EssentialFeediOSTests.xctest */;
			productType = "com.apple.product-type.bundle.unit-test";
		};
/* End PBXNativeTarget section */

/* Begin PBXProject section */
		864893392B58853200F99BE9 /* Project object */ = {
			isa = PBXProject;
			attributes = {
				BuildIndependentTargetsInParallel = 1;
				LastSwiftUpdateCheck = 1520;
				LastUpgradeCheck = 1500;
				TargetAttributes = {
					864893412B58853200F99BE9 = {
						CreatedOnToolsVersion = 15.0;
						LastSwiftMigration = 1500;
					};
					864893492B58853200F99BE9 = {
						CreatedOnToolsVersion = 15.0;
					};
					992107BB2B6C50D0001E49F9 = {
						CreatedOnToolsVersion = 15.2;
					};
					9951A64D2B851C5F003C8110 = {
						CreatedOnToolsVersion = 15.2;
					};
					99F101042B8A7BDB00C65F35 = {
						CreatedOnToolsVersion = 15.2;
						LastSwiftMigration = 1520;
					};
					99F1010B2B8A7BDC00C65F35 = {
						CreatedOnToolsVersion = 15.2;
					};
				};
			};
			buildConfigurationList = 8648933C2B58853200F99BE9 /* Build configuration list for PBXProject "EssentialFeed" */;
			compatibilityVersion = "Xcode 14.0";
			developmentRegion = en;
			hasScannedForEncodings = 0;
			knownRegions = (
				en,
				Base,
				"pt-BR",
				el,
			);
			mainGroup = 864893382B58853200F99BE9;
			productRefGroup = 864893432B58853200F99BE9 /* Products */;
			projectDirPath = "";
			projectRoot = "";
			targets = (
				864893412B58853200F99BE9 /* EssentialFeed */,
				864893492B58853200F99BE9 /* EssentialFeedTests */,
				992107BB2B6C50D0001E49F9 /* EssentialFeedAPIEndToEndTests */,
				9951A64D2B851C5F003C8110 /* EssentialFeedCacheIntegrationTests */,
				99F101042B8A7BDB00C65F35 /* EssentialFeediOS */,
				99F1010B2B8A7BDC00C65F35 /* EssentialFeediOSTests */,
			);
		};
/* End PBXProject section */

/* Begin PBXResourcesBuildPhase section */
		864893402B58853200F99BE9 /* Resources */ = {
			isa = PBXResourcesBuildPhase;
			buildActionMask = 2147483647;
			files = (
			);
			runOnlyForDeploymentPostprocessing = 0;
		};
		864893482B58853200F99BE9 /* Resources */ = {
			isa = PBXResourcesBuildPhase;
			buildActionMask = 2147483647;
			files = (
			);
			runOnlyForDeploymentPostprocessing = 0;
		};
		992107BA2B6C50D0001E49F9 /* Resources */ = {
			isa = PBXResourcesBuildPhase;
			buildActionMask = 2147483647;
			files = (
			);
			runOnlyForDeploymentPostprocessing = 0;
		};
		9951A64C2B851C5F003C8110 /* Resources */ = {
			isa = PBXResourcesBuildPhase;
			buildActionMask = 2147483647;
			files = (
			);
			runOnlyForDeploymentPostprocessing = 0;
		};
		99F101032B8A7BDB00C65F35 /* Resources */ = {
			isa = PBXResourcesBuildPhase;
			buildActionMask = 2147483647;
			files = (
				992C41542B9130EF007F1820 /* FeedAssets.xcassets in Resources */,
				992C41522B913066007F1820 /* Feed.storyboard in Resources */,
				992C41602B9140E5007F1820 /* Feed.strings in Resources */,
			);
			runOnlyForDeploymentPostprocessing = 0;
		};
		99F1010A2B8A7BDC00C65F35 /* Resources */ = {
			isa = PBXResourcesBuildPhase;
			buildActionMask = 2147483647;
			files = (
			);
			runOnlyForDeploymentPostprocessing = 0;
		};
/* End PBXResourcesBuildPhase section */

/* Begin PBXSourcesBuildPhase section */
		8648933E2B58853200F99BE9 /* Sources */ = {
			isa = PBXSourcesBuildPhase;
			buildActionMask = 2147483647;
			files = (
				9951A6452B851A5B003C8110 /* CoreDataHelpers.swift in Sources */,
				865775C32B5F191500AF1B13 /* FeedItemsMapper.swift in Sources */,
				864893622B58869900F99BE9 /* FeedLoader.swift in Sources */,
				9993479F2B7E76E60086DA3E /* RemoteFeedItem.swift in Sources */,
				99F224FD2B7FF58E00D2E185 /* FeedCachePolicy.swift in Sources */,
				86C50C202B588F29003CD864 /* RemoteFeedLoader.swift in Sources */,
				99797EC02B8512900002E07A /* FeedStore.xcdatamodeld in Sources */,
				999347A12B7E77410086DA3E /* LocalFeedImage.swift in Sources */,
				9993479D2B7E71C80086DA3E /* FeedStore.swift in Sources */,
				9993479B2B7E714E0086DA3E /* LocalFeedLoader.swift in Sources */,
				865775C12B5F18D000AF1B13 /* HTTPClient.swift in Sources */,
				864893602B58866800F99BE9 /* FeedImage.swift in Sources */,
				99BD5DA72B6B07B1008BF084 /* URLSessionHTTPClient.swift in Sources */,
				9951A6472B851AC1003C8110 /* ManagedCache.swift in Sources */,
				99797EBD2B850E1D0002E07A /* CoreDataFeedStore.swift in Sources */,
				9951A6492B851AD1003C8110 /* ManagedFeedImage.swift in Sources */,
			);
			runOnlyForDeploymentPostprocessing = 0;
		};
		864893462B58853200F99BE9 /* Sources */ = {
			isa = PBXSourcesBuildPhase;
			buildActionMask = 2147483647;
			files = (
				99D473172B840C7600BAE42D /* XCTestCase+FeedStoreSpecs.swift in Sources */,
				864893652B58882500F99BE9 /* LoadFeedFromRemoteUseCaseTests.swift in Sources */,
				99797EBB2B850DE90002E07A /* CoreDataFeedStoreTests.swift in Sources */,
				99D473192B840E8200BAE42D /* XCTestCase+FailableRetrieveFeedStoreSpecs.swift in Sources */,
				99BD5DA52B6AFD91008BF084 /* XCTestCase+MemoryLeakTracking.swift in Sources */,
				99FF238B2B7FEF5100A536A1 /* SharedTestHelpers.swift in Sources */,
				994154992B68230100D68D8B /* URLSessionHTTPClientTests.swift in Sources */,
				8619FBF12B758D340083E5C0 /* CacheFeedUseCaseTests.swift in Sources */,
				99FF23892B7FEEC700A536A1 /* FeedCacheTestHelpers.swift in Sources */,
				99383EBB2B7FEBB000C0C33D /* ValidateFeedCacheUseCaseTests.swift in Sources */,
				999347A62B7E7F210086DA3E /* FeedStoreSpy.swift in Sources */,
				999347A32B7E7E3B0086DA3E /* LoadFeedFromCacheUseCaseTests.swift in Sources */,
				99D4731D2B840F3600BAE42D /* XCTestCase+FailableDeleteFeedStoreSpecs.swift in Sources */,
				99D473152B840C1A00BAE42D /* FeedStoreSpecs.swift in Sources */,
				99D4731B2B840EE700BAE42D /* XCTestCase+FailableInsertFeedStoreSpecs.swift in Sources */,
			);
			runOnlyForDeploymentPostprocessing = 0;
		};
		992107B82B6C50D0001E49F9 /* Sources */ = {
			isa = PBXSourcesBuildPhase;
			buildActionMask = 2147483647;
			files = (
				992107BF2B6C50D0001E49F9 /* EssentialFeedAPIEndToEndTests.swift in Sources */,
				992107C62B6C5363001E49F9 /* XCTestCase+MemoryLeakTracking.swift in Sources */,
			);
			runOnlyForDeploymentPostprocessing = 0;
		};
		9951A64A2B851C5F003C8110 /* Sources */ = {
			isa = PBXSourcesBuildPhase;
			buildActionMask = 2147483647;
			files = (
				99BAAF7B2B867832004539B0 /* SharedTestHelpers.swift in Sources */,
				9951A6512B851C5F003C8110 /* EssentialFeedCacheIntegrationTests.swift in Sources */,
				99BAAF7A2B86781F004539B0 /* FeedCacheTestHelpers.swift in Sources */,
				9951A6592B851D98003C8110 /* XCTestCase+MemoryLeakTracking.swift in Sources */,
			);
			runOnlyForDeploymentPostprocessing = 0;
		};
		99F101012B8A7BDB00C65F35 /* Sources */ = {
			isa = PBXSourcesBuildPhase;
			buildActionMask = 2147483647;
			files = (
				99B765182B8E54A500D34C7C /* FeedPresenter.swift in Sources */,
				9988164B2B951A3D004AE969 /* MainQueueDispatchDecorator.swift in Sources */,
				9988164D2B951AFB004AE969 /* WeakRefVirtualProxy.swift in Sources */,
				998816582B952B61004AE969 /* FeedErrorViewModel.swift in Sources */,
				99B764F22B8CF7D800D34C7C /* FeedImageDataLoader.swift in Sources */,
				99CBDAEC2B8FE8EE0055EDB5 /* FeedViewModel.swift in Sources */,
				99B7650B2B8CFC1800D34C7C /* FeedRefreshViewController.swift in Sources */,
				99CBDAEA2B8FE7110055EDB5 /* FeedLoadingViewModel.swift in Sources */,
				992C41562B913814007F1820 /* UITableView+Dequeueing.swift in Sources */,
				99B764EF2B8CF1F400D34C7C /* UIView+Shimmering.swift in Sources */,
				992C41582B9138A2007F1820 /* UIImageView+Animations.swift in Sources */,
				99CBDAE82B8FE4710055EDB5 /* FeedImagePresenter.swift in Sources */,
				99B93DAF2B8BF19B00B9F68E /* FeedViewController.swift in Sources */,
				998816512B951B65004AE969 /* FeedLoaderPresentationAdapter.swift in Sources */,
				998816532B951BAA004AE969 /* FeedViewAdapter.swift in Sources */,
				9988165A2B952B99004AE969 /* UIRefreshControl+Helpers.swift in Sources */,
				99B764ED2B8CEE6B00D34C7C /* FeedImageCell.swift in Sources */,
				998816552B952256004AE969 /* ErrorView.swift in Sources */,
				9988164F2B951B2C004AE969 /* FeedImageDataLoaderPresentationAdapter.swift in Sources */,
				99B765162B8E512E00D34C7C /* FeedImageViewModel.swift in Sources */,
				99B7650D2B8D009300D34C7C /* FeedImageCellController.swift in Sources */,
				99B765102B8D014E00D34C7C /* FeedUIComposer.swift in Sources */,
			);
			runOnlyForDeploymentPostprocessing = 0;
		};
		99F101082B8A7BDC00C65F35 /* Sources */ = {
			isa = PBXSourcesBuildPhase;
			buildActionMask = 2147483647;
			files = (
				99B93DAD2B8BF15A00B9F68E /* FeedUIIntegrationTests.swift in Sources */,
				99B765062B8CFA1D00D34C7C /* FeedViewControllerTests+Assertions.swift in Sources */,
				992C41672B9141CF007F1820 /* FeedLocalizationTests.swift in Sources */,
				99B764FC2B8CF8C700D34C7C /* UIButton+TestHelpers.swift in Sources */,
				99B764FA2B8CF8A500D34C7C /* UIRefreshControl+TestHelpers.swift in Sources */,
				99B764FE2B8CF90B00D34C7C /* UIControl+TestHelpers.swift in Sources */,
				99B765042B8CF9CC00D34C7C /* FeedViewControllerTests+LoaderSpy.swift in Sources */,
				99B765002B8CF95300D34C7C /* FeedViewController+TestHelpers.swift in Sources */,
				99B93DA62B8BEB2700B9F68E /* XCTestCase+MemoryLeakTracking.swift in Sources */,
				99B764F82B8CF87200D34C7C /* UIImage+TestHelpers.swift in Sources */,
				99B765022B8CF99F00D34C7C /* FeedImageCell+TestHelpers.swift in Sources */,
				992C415F2B913F4B007F1820 /* FeedViewControllerTests+Localization.swift in Sources */,
			);
			runOnlyForDeploymentPostprocessing = 0;
		};
/* End PBXSourcesBuildPhase section */

/* Begin PBXTargetDependency section */
		8648934D2B58853200F99BE9 /* PBXTargetDependency */ = {
			isa = PBXTargetDependency;
			target = 864893412B58853200F99BE9 /* EssentialFeed */;
			targetProxy = 8648934C2B58853200F99BE9 /* PBXContainerItemProxy */;
		};
		992107C22B6C50D0001E49F9 /* PBXTargetDependency */ = {
			isa = PBXTargetDependency;
			target = 864893412B58853200F99BE9 /* EssentialFeed */;
			targetProxy = 992107C12B6C50D0001E49F9 /* PBXContainerItemProxy */;
		};
		9951A6542B851C5F003C8110 /* PBXTargetDependency */ = {
			isa = PBXTargetDependency;
			target = 864893412B58853200F99BE9 /* EssentialFeed */;
			targetProxy = 9951A6532B851C5F003C8110 /* PBXContainerItemProxy */;
		};
		99B93DA32B8BEAB300B9F68E /* PBXTargetDependency */ = {
			isa = PBXTargetDependency;
			platformFilter = ios;
			target = 864893412B58853200F99BE9 /* EssentialFeed */;
			targetProxy = 99B93DA22B8BEAB300B9F68E /* PBXContainerItemProxy */;
		};
		99B93DAB2B8BF12A00B9F68E /* PBXTargetDependency */ = {
			isa = PBXTargetDependency;
			platformFilter = ios;
			target = 864893412B58853200F99BE9 /* EssentialFeed */;
			targetProxy = 99B93DAA2B8BF12A00B9F68E /* PBXContainerItemProxy */;
		};
		99B93DB32B8BF1EB00B9F68E /* PBXTargetDependency */ = {
			isa = PBXTargetDependency;
			target = 99F101042B8A7BDB00C65F35 /* EssentialFeediOS */;
			targetProxy = 99B93DB22B8BF1EB00B9F68E /* PBXContainerItemProxy */;
		};
/* End PBXTargetDependency section */

/* Begin PBXVariantGroup section */
		992C41622B9140E5007F1820 /* Feed.strings */ = {
			isa = PBXVariantGroup;
			children = (
				992C41612B9140E5007F1820 /* en */,
				992C41632B914125007F1820 /* pt-BR */,
				992C41642B91415D007F1820 /* el */,
			);
			name = Feed.strings;
			sourceTree = "<group>";
		};
/* End PBXVariantGroup section */

/* Begin XCBuildConfiguration section */
		864893522B58853200F99BE9 /* Debug */ = {
			isa = XCBuildConfiguration;
			buildSettings = {
				ALWAYS_SEARCH_USER_PATHS = NO;
				ASSETCATALOG_COMPILER_GENERATE_SWIFT_ASSET_SYMBOL_EXTENSIONS = YES;
				CLANG_ANALYZER_LOCALIZABILITY_NONLOCALIZED = YES;
				CLANG_ANALYZER_NONNULL = YES;
				CLANG_ANALYZER_NUMBER_OBJECT_CONVERSION = YES_AGGRESSIVE;
				CLANG_CXX_LANGUAGE_STANDARD = "gnu++20";
				CLANG_ENABLE_MODULES = YES;
				CLANG_ENABLE_OBJC_ARC = YES;
				CLANG_ENABLE_OBJC_WEAK = YES;
				CLANG_WARN_BLOCK_CAPTURE_AUTORELEASING = YES;
				CLANG_WARN_BOOL_CONVERSION = YES;
				CLANG_WARN_COMMA = YES;
				CLANG_WARN_CONSTANT_CONVERSION = YES;
				CLANG_WARN_DEPRECATED_OBJC_IMPLEMENTATIONS = YES;
				CLANG_WARN_DIRECT_OBJC_ISA_USAGE = YES_ERROR;
				CLANG_WARN_DOCUMENTATION_COMMENTS = YES;
				CLANG_WARN_EMPTY_BODY = YES;
				CLANG_WARN_ENUM_CONVERSION = YES;
				CLANG_WARN_INFINITE_RECURSION = YES;
				CLANG_WARN_INT_CONVERSION = YES;
				CLANG_WARN_NON_LITERAL_NULL_CONVERSION = YES;
				CLANG_WARN_OBJC_IMPLICIT_RETAIN_SELF = YES;
				CLANG_WARN_OBJC_LITERAL_CONVERSION = YES;
				CLANG_WARN_OBJC_ROOT_CLASS = YES_ERROR;
				CLANG_WARN_QUOTED_INCLUDE_IN_FRAMEWORK_HEADER = YES;
				CLANG_WARN_RANGE_LOOP_ANALYSIS = YES;
				CLANG_WARN_STRICT_PROTOTYPES = YES;
				CLANG_WARN_SUSPICIOUS_MOVE = YES;
				CLANG_WARN_UNGUARDED_AVAILABILITY = YES_AGGRESSIVE;
				CLANG_WARN_UNREACHABLE_CODE = YES;
				CLANG_WARN__DUPLICATE_METHOD_MATCH = YES;
				COPY_PHASE_STRIP = NO;
				CURRENT_PROJECT_VERSION = 1;
				DEBUG_INFORMATION_FORMAT = dwarf;
				ENABLE_STRICT_OBJC_MSGSEND = YES;
				ENABLE_TESTABILITY = YES;
				ENABLE_USER_SCRIPT_SANDBOXING = YES;
				GCC_C_LANGUAGE_STANDARD = gnu17;
				GCC_DYNAMIC_NO_PIC = NO;
				GCC_NO_COMMON_BLOCKS = YES;
				GCC_OPTIMIZATION_LEVEL = 0;
				GCC_PREPROCESSOR_DEFINITIONS = (
					"DEBUG=1",
					"$(inherited)",
				);
				GCC_WARN_64_TO_32_BIT_CONVERSION = YES;
				GCC_WARN_ABOUT_RETURN_TYPE = YES_ERROR;
				GCC_WARN_UNDECLARED_SELECTOR = YES;
				GCC_WARN_UNINITIALIZED_AUTOS = YES_AGGRESSIVE;
				GCC_WARN_UNUSED_FUNCTION = YES;
				GCC_WARN_UNUSED_VARIABLE = YES;
				LOCALIZATION_PREFERS_STRING_CATALOGS = YES;
				MACOSX_DEPLOYMENT_TARGET = 14.0;
				MTL_ENABLE_DEBUG_INFO = INCLUDE_SOURCE;
				MTL_FAST_MATH = YES;
				ONLY_ACTIVE_ARCH = YES;
				SDKROOT = macosx;
				SWIFT_ACTIVE_COMPILATION_CONDITIONS = "DEBUG $(inherited)";
				SWIFT_OPTIMIZATION_LEVEL = "-Onone";
				VERSIONING_SYSTEM = "apple-generic";
				VERSION_INFO_PREFIX = "";
			};
			name = Debug;
		};
		864893532B58853200F99BE9 /* Release */ = {
			isa = XCBuildConfiguration;
			buildSettings = {
				ALWAYS_SEARCH_USER_PATHS = NO;
				ASSETCATALOG_COMPILER_GENERATE_SWIFT_ASSET_SYMBOL_EXTENSIONS = YES;
				CLANG_ANALYZER_LOCALIZABILITY_NONLOCALIZED = YES;
				CLANG_ANALYZER_NONNULL = YES;
				CLANG_ANALYZER_NUMBER_OBJECT_CONVERSION = YES_AGGRESSIVE;
				CLANG_CXX_LANGUAGE_STANDARD = "gnu++20";
				CLANG_ENABLE_MODULES = YES;
				CLANG_ENABLE_OBJC_ARC = YES;
				CLANG_ENABLE_OBJC_WEAK = YES;
				CLANG_WARN_BLOCK_CAPTURE_AUTORELEASING = YES;
				CLANG_WARN_BOOL_CONVERSION = YES;
				CLANG_WARN_COMMA = YES;
				CLANG_WARN_CONSTANT_CONVERSION = YES;
				CLANG_WARN_DEPRECATED_OBJC_IMPLEMENTATIONS = YES;
				CLANG_WARN_DIRECT_OBJC_ISA_USAGE = YES_ERROR;
				CLANG_WARN_DOCUMENTATION_COMMENTS = YES;
				CLANG_WARN_EMPTY_BODY = YES;
				CLANG_WARN_ENUM_CONVERSION = YES;
				CLANG_WARN_INFINITE_RECURSION = YES;
				CLANG_WARN_INT_CONVERSION = YES;
				CLANG_WARN_NON_LITERAL_NULL_CONVERSION = YES;
				CLANG_WARN_OBJC_IMPLICIT_RETAIN_SELF = YES;
				CLANG_WARN_OBJC_LITERAL_CONVERSION = YES;
				CLANG_WARN_OBJC_ROOT_CLASS = YES_ERROR;
				CLANG_WARN_QUOTED_INCLUDE_IN_FRAMEWORK_HEADER = YES;
				CLANG_WARN_RANGE_LOOP_ANALYSIS = YES;
				CLANG_WARN_STRICT_PROTOTYPES = YES;
				CLANG_WARN_SUSPICIOUS_MOVE = YES;
				CLANG_WARN_UNGUARDED_AVAILABILITY = YES_AGGRESSIVE;
				CLANG_WARN_UNREACHABLE_CODE = YES;
				CLANG_WARN__DUPLICATE_METHOD_MATCH = YES;
				COPY_PHASE_STRIP = NO;
				CURRENT_PROJECT_VERSION = 1;
				DEBUG_INFORMATION_FORMAT = "dwarf-with-dsym";
				ENABLE_NS_ASSERTIONS = NO;
				ENABLE_STRICT_OBJC_MSGSEND = YES;
				ENABLE_USER_SCRIPT_SANDBOXING = YES;
				GCC_C_LANGUAGE_STANDARD = gnu17;
				GCC_NO_COMMON_BLOCKS = YES;
				GCC_WARN_64_TO_32_BIT_CONVERSION = YES;
				GCC_WARN_ABOUT_RETURN_TYPE = YES_ERROR;
				GCC_WARN_UNDECLARED_SELECTOR = YES;
				GCC_WARN_UNINITIALIZED_AUTOS = YES_AGGRESSIVE;
				GCC_WARN_UNUSED_FUNCTION = YES;
				GCC_WARN_UNUSED_VARIABLE = YES;
				LOCALIZATION_PREFERS_STRING_CATALOGS = YES;
				MACOSX_DEPLOYMENT_TARGET = 14.0;
				MTL_ENABLE_DEBUG_INFO = NO;
				MTL_FAST_MATH = YES;
				SDKROOT = macosx;
				SWIFT_COMPILATION_MODE = wholemodule;
				VERSIONING_SYSTEM = "apple-generic";
				VERSION_INFO_PREFIX = "";
			};
			name = Release;
		};
		864893552B58853200F99BE9 /* Debug */ = {
			isa = XCBuildConfiguration;
			buildSettings = {
				CLANG_ENABLE_MODULES = YES;
				CODE_SIGN_STYLE = Automatic;
				COMBINE_HIDPI_IMAGES = YES;
				CURRENT_PROJECT_VERSION = 1;
				DEFINES_MODULE = YES;
				DEVELOPMENT_TEAM = B6N88MF9V4;
				DYLIB_COMPATIBILITY_VERSION = 1;
				DYLIB_CURRENT_VERSION = 1;
				DYLIB_INSTALL_NAME_BASE = "@rpath";
				ENABLE_MODULE_VERIFIER = YES;
				GENERATE_INFOPLIST_FILE = YES;
				INFOPLIST_KEY_NSHumanReadableCopyright = "";
				INSTALL_PATH = "$(LOCAL_LIBRARY_DIR)/Frameworks";
				LD_RUNPATH_SEARCH_PATHS = (
					"$(inherited)",
					"@executable_path/../Frameworks",
					"@loader_path/Frameworks",
				);
				MACOSX_DEPLOYMENT_TARGET = 13.0;
				MARKETING_VERSION = 1.0;
				MODULE_VERIFIER_SUPPORTED_LANGUAGES = "objective-c objective-c++";
				MODULE_VERIFIER_SUPPORTED_LANGUAGE_STANDARDS = "gnu17 gnu++20";
				PRODUCT_BUNDLE_IDENTIFIER = com.kmeletiou.EssentialFeed;
				PRODUCT_NAME = "$(TARGET_NAME:c99extidentifier)";
				SKIP_INSTALL = YES;
				SUPPORTED_PLATFORMS = "macosx iphonesimulator iphoneos";
				SWIFT_EMIT_LOC_STRINGS = YES;
				SWIFT_OPTIMIZATION_LEVEL = "-Onone";
				SWIFT_VERSION = 5.0;
			};
			name = Debug;
		};
		864893562B58853200F99BE9 /* Release */ = {
			isa = XCBuildConfiguration;
			buildSettings = {
				CLANG_ENABLE_MODULES = YES;
				CODE_SIGN_STYLE = Automatic;
				COMBINE_HIDPI_IMAGES = YES;
				CURRENT_PROJECT_VERSION = 1;
				DEFINES_MODULE = YES;
				DEVELOPMENT_TEAM = B6N88MF9V4;
				DYLIB_COMPATIBILITY_VERSION = 1;
				DYLIB_CURRENT_VERSION = 1;
				DYLIB_INSTALL_NAME_BASE = "@rpath";
				ENABLE_MODULE_VERIFIER = YES;
				GENERATE_INFOPLIST_FILE = YES;
				INFOPLIST_KEY_NSHumanReadableCopyright = "";
				INSTALL_PATH = "$(LOCAL_LIBRARY_DIR)/Frameworks";
				LD_RUNPATH_SEARCH_PATHS = (
					"$(inherited)",
					"@executable_path/../Frameworks",
					"@loader_path/Frameworks",
				);
				MACOSX_DEPLOYMENT_TARGET = 13.0;
				MARKETING_VERSION = 1.0;
				MODULE_VERIFIER_SUPPORTED_LANGUAGES = "objective-c objective-c++";
				MODULE_VERIFIER_SUPPORTED_LANGUAGE_STANDARDS = "gnu17 gnu++20";
				PRODUCT_BUNDLE_IDENTIFIER = com.kmeletiou.EssentialFeed;
				PRODUCT_NAME = "$(TARGET_NAME:c99extidentifier)";
				SKIP_INSTALL = YES;
				SUPPORTED_PLATFORMS = "macosx iphonesimulator iphoneos";
				SWIFT_EMIT_LOC_STRINGS = YES;
				SWIFT_VERSION = 5.0;
			};
			name = Release;
		};
		864893582B58853200F99BE9 /* Debug */ = {
			isa = XCBuildConfiguration;
			buildSettings = {
				ALWAYS_EMBED_SWIFT_STANDARD_LIBRARIES = YES;
				CODE_SIGN_STYLE = Automatic;
				CURRENT_PROJECT_VERSION = 1;
				DEVELOPMENT_TEAM = B6N88MF9V4;
				GENERATE_INFOPLIST_FILE = YES;
				MACOSX_DEPLOYMENT_TARGET = 13.0;
				MARKETING_VERSION = 1.0;
				PRODUCT_BUNDLE_IDENTIFIER = com.kmeletiou.EssentialFeedTests;
				PRODUCT_NAME = "$(TARGET_NAME)";
				SUPPORTED_PLATFORMS = "macosx iphonesimulator iphoneos";
				SWIFT_EMIT_LOC_STRINGS = NO;
				SWIFT_VERSION = 5.0;
			};
			name = Debug;
		};
		864893592B58853200F99BE9 /* Release */ = {
			isa = XCBuildConfiguration;
			buildSettings = {
				ALWAYS_EMBED_SWIFT_STANDARD_LIBRARIES = YES;
				CODE_SIGN_STYLE = Automatic;
				CURRENT_PROJECT_VERSION = 1;
				DEVELOPMENT_TEAM = B6N88MF9V4;
				GENERATE_INFOPLIST_FILE = YES;
				MACOSX_DEPLOYMENT_TARGET = 13.0;
				MARKETING_VERSION = 1.0;
				PRODUCT_BUNDLE_IDENTIFIER = com.kmeletiou.EssentialFeedTests;
				PRODUCT_NAME = "$(TARGET_NAME)";
				SUPPORTED_PLATFORMS = "macosx iphonesimulator iphoneos";
				SWIFT_EMIT_LOC_STRINGS = NO;
				SWIFT_VERSION = 5.0;
			};
			name = Release;
		};
		992107C42B6C50D0001E49F9 /* Debug */ = {
			isa = XCBuildConfiguration;
			buildSettings = {
				CODE_SIGN_STYLE = Automatic;
				CURRENT_PROJECT_VERSION = 1;
				DEVELOPMENT_TEAM = B6N88MF9V4;
				GENERATE_INFOPLIST_FILE = YES;
				MACOSX_DEPLOYMENT_TARGET = 13.0;
				MARKETING_VERSION = 1.0;
				PRODUCT_BUNDLE_IDENTIFIER = com.kmeletiou.EssentialFeed.EssentialFeedAPIEndToEndTests;
				PRODUCT_NAME = "$(TARGET_NAME)";
				SUPPORTED_PLATFORMS = "macosx iphonesimulator iphoneos";
				SWIFT_EMIT_LOC_STRINGS = NO;
				SWIFT_VERSION = 5.0;
			};
			name = Debug;
		};
		992107C52B6C50D0001E49F9 /* Release */ = {
			isa = XCBuildConfiguration;
			buildSettings = {
				CODE_SIGN_STYLE = Automatic;
				CURRENT_PROJECT_VERSION = 1;
				DEVELOPMENT_TEAM = B6N88MF9V4;
				GENERATE_INFOPLIST_FILE = YES;
				MACOSX_DEPLOYMENT_TARGET = 13.0;
				MARKETING_VERSION = 1.0;
				PRODUCT_BUNDLE_IDENTIFIER = com.kmeletiou.EssentialFeed.EssentialFeedAPIEndToEndTests;
				PRODUCT_NAME = "$(TARGET_NAME)";
				SUPPORTED_PLATFORMS = "macosx iphonesimulator iphoneos";
				SWIFT_EMIT_LOC_STRINGS = NO;
				SWIFT_VERSION = 5.0;
			};
			name = Release;
		};
		9951A6562B851C5F003C8110 /* Debug */ = {
			isa = XCBuildConfiguration;
			buildSettings = {
				CODE_SIGN_STYLE = Automatic;
				CURRENT_PROJECT_VERSION = 1;
				DEVELOPMENT_TEAM = B6N88MF9V4;
				GENERATE_INFOPLIST_FILE = YES;
				MACOSX_DEPLOYMENT_TARGET = 14.2;
				MARKETING_VERSION = 1.0;
				PRODUCT_BUNDLE_IDENTIFIER = com.kmeletiou.EssentialFeed.EssentialFeedCacheIntegrationTests;
				PRODUCT_NAME = "$(TARGET_NAME)";
				SUPPORTED_PLATFORMS = "macosx iphonesimulator iphoneos";
				SWIFT_EMIT_LOC_STRINGS = NO;
				SWIFT_VERSION = 5.0;
			};
			name = Debug;
		};
		9951A6572B851C5F003C8110 /* Release */ = {
			isa = XCBuildConfiguration;
			buildSettings = {
				CODE_SIGN_STYLE = Automatic;
				CURRENT_PROJECT_VERSION = 1;
				DEVELOPMENT_TEAM = B6N88MF9V4;
				GENERATE_INFOPLIST_FILE = YES;
				MACOSX_DEPLOYMENT_TARGET = 14.2;
				MARKETING_VERSION = 1.0;
				PRODUCT_BUNDLE_IDENTIFIER = com.kmeletiou.EssentialFeed.EssentialFeedCacheIntegrationTests;
				PRODUCT_NAME = "$(TARGET_NAME)";
				SUPPORTED_PLATFORMS = "macosx iphonesimulator iphoneos";
				SWIFT_EMIT_LOC_STRINGS = NO;
				SWIFT_VERSION = 5.0;
			};
			name = Release;
		};
		99F101142B8A7BDC00C65F35 /* Debug */ = {
			isa = XCBuildConfiguration;
			buildSettings = {
				CLANG_ENABLE_MODULES = YES;
				CODE_SIGN_STYLE = Automatic;
				CURRENT_PROJECT_VERSION = 1;
				DEFINES_MODULE = YES;
				DEVELOPMENT_TEAM = B6N88MF9V4;
				DYLIB_COMPATIBILITY_VERSION = 1;
				DYLIB_CURRENT_VERSION = 1;
				DYLIB_INSTALL_NAME_BASE = "@rpath";
				ENABLE_MODULE_VERIFIER = YES;
				GENERATE_INFOPLIST_FILE = YES;
				INFOPLIST_KEY_NSHumanReadableCopyright = "";
				INSTALL_PATH = "$(LOCAL_LIBRARY_DIR)/Frameworks";
				IPHONEOS_DEPLOYMENT_TARGET = 17.2;
				LD_RUNPATH_SEARCH_PATHS = (
					"$(inherited)",
					"@executable_path/Frameworks",
					"@loader_path/Frameworks",
				);
				MARKETING_VERSION = 1.0;
				MODULE_VERIFIER_SUPPORTED_LANGUAGES = "objective-c objective-c++";
				MODULE_VERIFIER_SUPPORTED_LANGUAGE_STANDARDS = "gnu17 gnu++20";
				PRODUCT_BUNDLE_IDENTIFIER = com.kmeletiou.EssentialFeed.EssentialFeediOS;
				PRODUCT_NAME = "$(TARGET_NAME:c99extidentifier)";
				SDKROOT = iphoneos;
				SKIP_INSTALL = YES;
				SWIFT_EMIT_LOC_STRINGS = YES;
				SWIFT_OPTIMIZATION_LEVEL = "-Onone";
				SWIFT_VERSION = 5.0;
				TARGETED_DEVICE_FAMILY = "1,2";
			};
			name = Debug;
		};
		99F101152B8A7BDC00C65F35 /* Release */ = {
			isa = XCBuildConfiguration;
			buildSettings = {
				CLANG_ENABLE_MODULES = YES;
				CODE_SIGN_STYLE = Automatic;
				CURRENT_PROJECT_VERSION = 1;
				DEFINES_MODULE = YES;
				DEVELOPMENT_TEAM = B6N88MF9V4;
				DYLIB_COMPATIBILITY_VERSION = 1;
				DYLIB_CURRENT_VERSION = 1;
				DYLIB_INSTALL_NAME_BASE = "@rpath";
				ENABLE_MODULE_VERIFIER = YES;
				GENERATE_INFOPLIST_FILE = YES;
				INFOPLIST_KEY_NSHumanReadableCopyright = "";
				INSTALL_PATH = "$(LOCAL_LIBRARY_DIR)/Frameworks";
				IPHONEOS_DEPLOYMENT_TARGET = 17.2;
				LD_RUNPATH_SEARCH_PATHS = (
					"$(inherited)",
					"@executable_path/Frameworks",
					"@loader_path/Frameworks",
				);
				MARKETING_VERSION = 1.0;
				MODULE_VERIFIER_SUPPORTED_LANGUAGES = "objective-c objective-c++";
				MODULE_VERIFIER_SUPPORTED_LANGUAGE_STANDARDS = "gnu17 gnu++20";
				PRODUCT_BUNDLE_IDENTIFIER = com.kmeletiou.EssentialFeed.EssentialFeediOS;
				PRODUCT_NAME = "$(TARGET_NAME:c99extidentifier)";
				SDKROOT = iphoneos;
				SKIP_INSTALL = YES;
				SWIFT_EMIT_LOC_STRINGS = YES;
				SWIFT_VERSION = 5.0;
				TARGETED_DEVICE_FAMILY = "1,2";
				VALIDATE_PRODUCT = YES;
			};
			name = Release;
		};
		99F101162B8A7BDC00C65F35 /* Debug */ = {
			isa = XCBuildConfiguration;
			buildSettings = {
				CODE_SIGN_STYLE = Automatic;
				CURRENT_PROJECT_VERSION = 1;
				DEVELOPMENT_TEAM = B6N88MF9V4;
				GENERATE_INFOPLIST_FILE = YES;
				IPHONEOS_DEPLOYMENT_TARGET = 17.2;
				MARKETING_VERSION = 1.0;
				PRODUCT_BUNDLE_IDENTIFIER = com.kmeletiou.EssentialFeed.EssentialFeediOSTests;
				PRODUCT_NAME = "$(TARGET_NAME)";
				SDKROOT = iphoneos;
				SWIFT_EMIT_LOC_STRINGS = NO;
				SWIFT_VERSION = 5.0;
				TARGETED_DEVICE_FAMILY = "1,2";
			};
			name = Debug;
		};
		99F101172B8A7BDC00C65F35 /* Release */ = {
			isa = XCBuildConfiguration;
			buildSettings = {
				CODE_SIGN_STYLE = Automatic;
				CURRENT_PROJECT_VERSION = 1;
				DEVELOPMENT_TEAM = B6N88MF9V4;
				GENERATE_INFOPLIST_FILE = YES;
				IPHONEOS_DEPLOYMENT_TARGET = 17.2;
				MARKETING_VERSION = 1.0;
				PRODUCT_BUNDLE_IDENTIFIER = com.kmeletiou.EssentialFeed.EssentialFeediOSTests;
				PRODUCT_NAME = "$(TARGET_NAME)";
				SDKROOT = iphoneos;
				SWIFT_EMIT_LOC_STRINGS = NO;
				SWIFT_VERSION = 5.0;
				TARGETED_DEVICE_FAMILY = "1,2";
				VALIDATE_PRODUCT = YES;
			};
			name = Release;
		};
/* End XCBuildConfiguration section */

/* Begin XCConfigurationList section */
		8648933C2B58853200F99BE9 /* Build configuration list for PBXProject "EssentialFeed" */ = {
			isa = XCConfigurationList;
			buildConfigurations = (
				864893522B58853200F99BE9 /* Debug */,
				864893532B58853200F99BE9 /* Release */,
			);
			defaultConfigurationIsVisible = 0;
			defaultConfigurationName = Release;
		};
		864893542B58853200F99BE9 /* Build configuration list for PBXNativeTarget "EssentialFeed" */ = {
			isa = XCConfigurationList;
			buildConfigurations = (
				864893552B58853200F99BE9 /* Debug */,
				864893562B58853200F99BE9 /* Release */,
			);
			defaultConfigurationIsVisible = 0;
			defaultConfigurationName = Release;
		};
		864893572B58853200F99BE9 /* Build configuration list for PBXNativeTarget "EssentialFeedTests" */ = {
			isa = XCConfigurationList;
			buildConfigurations = (
				864893582B58853200F99BE9 /* Debug */,
				864893592B58853200F99BE9 /* Release */,
			);
			defaultConfigurationIsVisible = 0;
			defaultConfigurationName = Release;
		};
		992107C32B6C50D0001E49F9 /* Build configuration list for PBXNativeTarget "EssentialFeedAPIEndToEndTests" */ = {
			isa = XCConfigurationList;
			buildConfigurations = (
				992107C42B6C50D0001E49F9 /* Debug */,
				992107C52B6C50D0001E49F9 /* Release */,
			);
			defaultConfigurationIsVisible = 0;
			defaultConfigurationName = Release;
		};
		9951A6552B851C5F003C8110 /* Build configuration list for PBXNativeTarget "EssentialFeedCacheIntegrationTests" */ = {
			isa = XCConfigurationList;
			buildConfigurations = (
				9951A6562B851C5F003C8110 /* Debug */,
				9951A6572B851C5F003C8110 /* Release */,
			);
			defaultConfigurationIsVisible = 0;
			defaultConfigurationName = Release;
		};
		99F101182B8A7BDC00C65F35 /* Build configuration list for PBXNativeTarget "EssentialFeediOS" */ = {
			isa = XCConfigurationList;
			buildConfigurations = (
				99F101142B8A7BDC00C65F35 /* Debug */,
				99F101152B8A7BDC00C65F35 /* Release */,
			);
			defaultConfigurationIsVisible = 0;
			defaultConfigurationName = Release;
		};
		99F101192B8A7BDC00C65F35 /* Build configuration list for PBXNativeTarget "EssentialFeediOSTests" */ = {
			isa = XCConfigurationList;
			buildConfigurations = (
				99F101162B8A7BDC00C65F35 /* Debug */,
				99F101172B8A7BDC00C65F35 /* Release */,
			);
			defaultConfigurationIsVisible = 0;
			defaultConfigurationName = Release;
		};
/* End XCConfigurationList section */

/* Begin XCVersionGroup section */
		99797EBE2B8512900002E07A /* FeedStore.xcdatamodeld */ = {
			isa = XCVersionGroup;
			children = (
				99797EBF2B8512900002E07A /* FeedStore.xcdatamodel */,
			);
			currentVersion = 99797EBF2B8512900002E07A /* FeedStore.xcdatamodel */;
			path = FeedStore.xcdatamodeld;
			sourceTree = "<group>";
			versionGroupType = wrapper.xcdatamodel;
		};
/* End XCVersionGroup section */
	};
	rootObject = 864893392B58853200F99BE9 /* Project object */;
}
