// !$*UTF8*$!
{
	archiveVersion = 1;
	classes = {
	};
	objectVersion = 56;
	objects = {

/* Begin PBXBuildFile section */
		9902E4D32B9A770A005BCB2D /* FeedLoaderCacheDecoratorTests.swift in Sources */ = {isa = PBXBuildFile; fileRef = 9902E4D22B9A770A005BCB2D /* FeedLoaderCacheDecoratorTests.swift */; };
		9902E4D52B9A7770005BCB2D /* FeedLoaderStub.swift in Sources */ = {isa = PBXBuildFile; fileRef = 9902E4D42B9A7770005BCB2D /* FeedLoaderStub.swift */; };
		9902E4D72B9A7819005BCB2D /* XCTestCase+FeedLoader.swift in Sources */ = {isa = PBXBuildFile; fileRef = 9902E4D62B9A7819005BCB2D /* XCTestCase+FeedLoader.swift */; };
		9902E4DB2B9A7AB2005BCB2D /* FeedLoaderCacheDecorator.swift in Sources */ = {isa = PBXBuildFile; fileRef = 9902E4DA2B9A7AB2005BCB2D /* FeedLoaderCacheDecorator.swift */; };
		9902E4DD2B9A7C31005BCB2D /* FeedImageDataLoaderCacheDecoratorTests.swift in Sources */ = {isa = PBXBuildFile; fileRef = 9902E4DC2B9A7C31005BCB2D /* FeedImageDataLoaderCacheDecoratorTests.swift */; };
		9902E4DF2B9A7C86005BCB2D /* FeedImageDataLoaderSpy.swift in Sources */ = {isa = PBXBuildFile; fileRef = 9902E4DE2B9A7C86005BCB2D /* FeedImageDataLoaderSpy.swift */; };
		9902E4E12B9A7CDE005BCB2D /* XCTestCase+FeedImageDataLoader.swift in Sources */ = {isa = PBXBuildFile; fileRef = 9902E4E02B9A7CDE005BCB2D /* XCTestCase+FeedImageDataLoader.swift */; };
		9902E4E52B9A7E2F005BCB2D /* FeedImageDataLoaderCacheDecorator.swift in Sources */ = {isa = PBXBuildFile; fileRef = 9902E4E42B9A7E2F005BCB2D /* FeedImageDataLoaderCacheDecorator.swift */; };
		996C53BF2B97DC290045E0B3 /* EssentialFeed.framework in Frameworks */ = {isa = PBXBuildFile; fileRef = 996C53BD2B97DC290045E0B3 /* EssentialFeed.framework */; };
		996C53C02B97DC290045E0B3 /* EssentialFeed.framework in Embed Frameworks */ = {isa = PBXBuildFile; fileRef = 996C53BD2B97DC290045E0B3 /* EssentialFeed.framework */; settings = {ATTRIBUTES = (CodeSignOnCopy, RemoveHeadersOnCopy, ); }; };
		996C53C12B97DC290045E0B3 /* EssentialFeediOS.framework in Frameworks */ = {isa = PBXBuildFile; fileRef = 996C53BE2B97DC290045E0B3 /* EssentialFeediOS.framework */; };
		996C53C22B97DC290045E0B3 /* EssentialFeediOS.framework in Embed Frameworks */ = {isa = PBXBuildFile; fileRef = 996C53BE2B97DC290045E0B3 /* EssentialFeediOS.framework */; settings = {ATTRIBUTES = (CodeSignOnCopy, RemoveHeadersOnCopy, ); }; };
		996C8A242B9A5A8E00840E3B /* EssentialApp.xctestplan in Resources */ = {isa = PBXBuildFile; fileRef = 996C8A232B9A5A8E00840E3B /* EssentialApp.xctestplan */; };
		996C8A262B9A5AF700840E3B /* FeedLoaderWithFallbackComposite.swift in Sources */ = {isa = PBXBuildFile; fileRef = 996C8A252B9A5AF700840E3B /* FeedLoaderWithFallbackComposite.swift */; };
		99951F5D2B9E3F6000BC3C6E /* EssentialAppUIAcceptanceTests.swift in Sources */ = {isa = PBXBuildFile; fileRef = 99951F5C2B9E3F6000BC3C6E /* EssentialAppUIAcceptanceTests.swift */; };
		99B5E7432B9A5D76002B7233 /* FeedLoaderWithFallbackComposite.swift in Sources */ = {isa = PBXBuildFile; fileRef = 99B5E7422B9A5D76002B7233 /* FeedLoaderWithFallbackComposite.swift */; };
		99B5E7452B9A5EB5002B7233 /* FeedImageDataLoaderWithFallbackCompositeTests.swift in Sources */ = {isa = PBXBuildFile; fileRef = 99B5E7442B9A5EB5002B7233 /* FeedImageDataLoaderWithFallbackCompositeTests.swift */; };
		99B5E7472B9A625C002B7233 /* FeedImageDataLoaderWithFallbackComposite.swift in Sources */ = {isa = PBXBuildFile; fileRef = 99B5E7462B9A625C002B7233 /* FeedImageDataLoaderWithFallbackComposite.swift */; };
		99B5E74A2B9A629F002B7233 /* XCTestCase+MemoryLeakTracking.swift in Sources */ = {isa = PBXBuildFile; fileRef = 99B5E7492B9A629F002B7233 /* XCTestCase+MemoryLeakTracking.swift */; };
		99B5E74C2B9A62F9002B7233 /* SharedTestHelpers.swift in Sources */ = {isa = PBXBuildFile; fileRef = 99B5E74B2B9A62F9002B7233 /* SharedTestHelpers.swift */; };
		99DB33C32B97950F00E62B4B /* AppDelegate.swift in Sources */ = {isa = PBXBuildFile; fileRef = 99DB33C22B97950F00E62B4B /* AppDelegate.swift */; };
		99DB33C52B97950F00E62B4B /* SceneDelegate.swift in Sources */ = {isa = PBXBuildFile; fileRef = 99DB33C42B97950F00E62B4B /* SceneDelegate.swift */; };
		99DB33C72B97950F00E62B4B /* ViewController.swift in Sources */ = {isa = PBXBuildFile; fileRef = 99DB33C62B97950F00E62B4B /* ViewController.swift */; };
		99DB33CA2B97950F00E62B4B /* Main.storyboard in Resources */ = {isa = PBXBuildFile; fileRef = 99DB33C82B97950F00E62B4B /* Main.storyboard */; };
		99DB33CC2B97951100E62B4B /* Assets.xcassets in Resources */ = {isa = PBXBuildFile; fileRef = 99DB33CB2B97951100E62B4B /* Assets.xcassets */; };
		99DB33CF2B97951100E62B4B /* LaunchScreen.storyboard in Resources */ = {isa = PBXBuildFile; fileRef = 99DB33CD2B97951100E62B4B /* LaunchScreen.storyboard */; };
/* End PBXBuildFile section */

/* Begin PBXContainerItemProxy section */
		99951F602B9E3F6000BC3C6E /* PBXContainerItemProxy */ = {
			isa = PBXContainerItemProxy;
			containerPortal = 99DB33B72B97950F00E62B4B /* Project object */;
			proxyType = 1;
			remoteGlobalIDString = 99DB33BE2B97950F00E62B4B;
			remoteInfo = EssentialApp;
		};
		99DB33D62B97951100E62B4B /* PBXContainerItemProxy */ = {
			isa = PBXContainerItemProxy;
			containerPortal = 99DB33B72B97950F00E62B4B /* Project object */;
			proxyType = 1;
			remoteGlobalIDString = 99DB33BE2B97950F00E62B4B;
			remoteInfo = EssentialApp;
		};
/* End PBXContainerItemProxy section */

/* Begin PBXCopyFilesBuildPhase section */
		996C53C32B97DC290045E0B3 /* Embed Frameworks */ = {
			isa = PBXCopyFilesBuildPhase;
			buildActionMask = 2147483647;
			dstPath = "";
			dstSubfolderSpec = 10;
			files = (
				996C53C02B97DC290045E0B3 /* EssentialFeed.framework in Embed Frameworks */,
				996C53C22B97DC290045E0B3 /* EssentialFeediOS.framework in Embed Frameworks */,
			);
			name = "Embed Frameworks";
			runOnlyForDeploymentPostprocessing = 0;
		};
/* End PBXCopyFilesBuildPhase section */

/* Begin PBXFileReference section */
		9902E4D22B9A770A005BCB2D /* FeedLoaderCacheDecoratorTests.swift */ = {isa = PBXFileReference; lastKnownFileType = sourcecode.swift; path = FeedLoaderCacheDecoratorTests.swift; sourceTree = "<group>"; };
		9902E4D42B9A7770005BCB2D /* FeedLoaderStub.swift */ = {isa = PBXFileReference; lastKnownFileType = sourcecode.swift; path = FeedLoaderStub.swift; sourceTree = "<group>"; };
		9902E4D62B9A7819005BCB2D /* XCTestCase+FeedLoader.swift */ = {isa = PBXFileReference; lastKnownFileType = sourcecode.swift; path = "XCTestCase+FeedLoader.swift"; sourceTree = "<group>"; };
		9902E4DA2B9A7AB2005BCB2D /* FeedLoaderCacheDecorator.swift */ = {isa = PBXFileReference; lastKnownFileType = sourcecode.swift; path = FeedLoaderCacheDecorator.swift; sourceTree = "<group>"; };
		9902E4DC2B9A7C31005BCB2D /* FeedImageDataLoaderCacheDecoratorTests.swift */ = {isa = PBXFileReference; lastKnownFileType = sourcecode.swift; path = FeedImageDataLoaderCacheDecoratorTests.swift; sourceTree = "<group>"; };
		9902E4DE2B9A7C86005BCB2D /* FeedImageDataLoaderSpy.swift */ = {isa = PBXFileReference; lastKnownFileType = sourcecode.swift; path = FeedImageDataLoaderSpy.swift; sourceTree = "<group>"; };
		9902E4E02B9A7CDE005BCB2D /* XCTestCase+FeedImageDataLoader.swift */ = {isa = PBXFileReference; lastKnownFileType = sourcecode.swift; path = "XCTestCase+FeedImageDataLoader.swift"; sourceTree = "<group>"; };
		9902E4E42B9A7E2F005BCB2D /* FeedImageDataLoaderCacheDecorator.swift */ = {isa = PBXFileReference; lastKnownFileType = sourcecode.swift; path = FeedImageDataLoaderCacheDecorator.swift; sourceTree = "<group>"; };
		996C53BD2B97DC290045E0B3 /* EssentialFeed.framework */ = {isa = PBXFileReference; explicitFileType = wrapper.framework; path = EssentialFeed.framework; sourceTree = BUILT_PRODUCTS_DIR; };
		996C53BE2B97DC290045E0B3 /* EssentialFeediOS.framework */ = {isa = PBXFileReference; explicitFileType = wrapper.framework; path = EssentialFeediOS.framework; sourceTree = BUILT_PRODUCTS_DIR; };
		996C8A232B9A5A8E00840E3B /* EssentialApp.xctestplan */ = {isa = PBXFileReference; fileEncoding = 4; lastKnownFileType = text; path = EssentialApp.xctestplan; sourceTree = "<group>"; };
		996C8A252B9A5AF700840E3B /* FeedLoaderWithFallbackComposite.swift */ = {isa = PBXFileReference; lastKnownFileType = sourcecode.swift; path = FeedLoaderWithFallbackComposite.swift; sourceTree = "<group>"; };
		99951F5A2B9E3F6000BC3C6E /* EssentialAppUIAcceptanceTests.xctest */ = {isa = PBXFileReference; explicitFileType = wrapper.cfbundle; includeInIndex = 0; path = EssentialAppUIAcceptanceTests.xctest; sourceTree = BUILT_PRODUCTS_DIR; };
		99951F5C2B9E3F6000BC3C6E /* EssentialAppUIAcceptanceTests.swift */ = {isa = PBXFileReference; lastKnownFileType = sourcecode.swift; path = EssentialAppUIAcceptanceTests.swift; sourceTree = "<group>"; };
		99951F662B9E408600BC3C6E /* EssentialAppUIAcceptanceTests.xctestplan */ = {isa = PBXFileReference; lastKnownFileType = text; name = EssentialAppUIAcceptanceTests.xctestplan; path = "/Users/konstantinosm@kahoot.com/Documents/EssentialFeed_Personal_NEW/EssentialFeed/EssentialApp/EssentialAppUIAcceptanceTests/EssentialAppUIAcceptanceTests.xctestplan"; sourceTree = "<absolute>"; };
		99B5E7422B9A5D76002B7233 /* FeedLoaderWithFallbackComposite.swift */ = {isa = PBXFileReference; lastKnownFileType = sourcecode.swift; path = FeedLoaderWithFallbackComposite.swift; sourceTree = "<group>"; };
		99B5E7442B9A5EB5002B7233 /* FeedImageDataLoaderWithFallbackCompositeTests.swift */ = {isa = PBXFileReference; lastKnownFileType = sourcecode.swift; path = FeedImageDataLoaderWithFallbackCompositeTests.swift; sourceTree = "<group>"; };
		99B5E7462B9A625C002B7233 /* FeedImageDataLoaderWithFallbackComposite.swift */ = {isa = PBXFileReference; lastKnownFileType = sourcecode.swift; path = FeedImageDataLoaderWithFallbackComposite.swift; sourceTree = "<group>"; };
		99B5E7492B9A629F002B7233 /* XCTestCase+MemoryLeakTracking.swift */ = {isa = PBXFileReference; lastKnownFileType = sourcecode.swift; path = "XCTestCase+MemoryLeakTracking.swift"; sourceTree = "<group>"; };
		99B5E74B2B9A62F9002B7233 /* SharedTestHelpers.swift */ = {isa = PBXFileReference; lastKnownFileType = sourcecode.swift; path = SharedTestHelpers.swift; sourceTree = "<group>"; };
		99DB33BF2B97950F00E62B4B /* EssentialApp.app */ = {isa = PBXFileReference; explicitFileType = wrapper.application; includeInIndex = 0; path = EssentialApp.app; sourceTree = BUILT_PRODUCTS_DIR; };
		99DB33C22B97950F00E62B4B /* AppDelegate.swift */ = {isa = PBXFileReference; lastKnownFileType = sourcecode.swift; path = AppDelegate.swift; sourceTree = "<group>"; };
		99DB33C42B97950F00E62B4B /* SceneDelegate.swift */ = {isa = PBXFileReference; lastKnownFileType = sourcecode.swift; path = SceneDelegate.swift; sourceTree = "<group>"; };
		99DB33C62B97950F00E62B4B /* ViewController.swift */ = {isa = PBXFileReference; lastKnownFileType = sourcecode.swift; path = ViewController.swift; sourceTree = "<group>"; };
		99DB33C92B97950F00E62B4B /* Base */ = {isa = PBXFileReference; lastKnownFileType = file.storyboard; name = Base; path = Base.lproj/Main.storyboard; sourceTree = "<group>"; };
		99DB33CB2B97951100E62B4B /* Assets.xcassets */ = {isa = PBXFileReference; lastKnownFileType = folder.assetcatalog; path = Assets.xcassets; sourceTree = "<group>"; };
		99DB33CE2B97951100E62B4B /* Base */ = {isa = PBXFileReference; lastKnownFileType = file.storyboard; name = Base; path = Base.lproj/LaunchScreen.storyboard; sourceTree = "<group>"; };
		99DB33D02B97951100E62B4B /* Info.plist */ = {isa = PBXFileReference; lastKnownFileType = text.plist.xml; path = Info.plist; sourceTree = "<group>"; };
		99DB33D52B97951100E62B4B /* EssentialAppTests.xctest */ = {isa = PBXFileReference; explicitFileType = wrapper.cfbundle; includeInIndex = 0; path = EssentialAppTests.xctest; sourceTree = BUILT_PRODUCTS_DIR; };
/* End PBXFileReference section */

/* Begin PBXFrameworksBuildPhase section */
		99951F572B9E3F6000BC3C6E /* Frameworks */ = {
			isa = PBXFrameworksBuildPhase;
			buildActionMask = 2147483647;
			files = (
			);
			runOnlyForDeploymentPostprocessing = 0;
		};
		99DB33BC2B97950F00E62B4B /* Frameworks */ = {
			isa = PBXFrameworksBuildPhase;
			buildActionMask = 2147483647;
			files = (
				996C53BF2B97DC290045E0B3 /* EssentialFeed.framework in Frameworks */,
				996C53C12B97DC290045E0B3 /* EssentialFeediOS.framework in Frameworks */,
			);
			runOnlyForDeploymentPostprocessing = 0;
		};
		99DB33D22B97951100E62B4B /* Frameworks */ = {
			isa = PBXFrameworksBuildPhase;
			buildActionMask = 2147483647;
			files = (
			);
			runOnlyForDeploymentPostprocessing = 0;
		};
/* End PBXFrameworksBuildPhase section */

/* Begin PBXGroup section */
		996C53BC2B97DC290045E0B3 /* Frameworks */ = {
			isa = PBXGroup;
			children = (
				996C53BD2B97DC290045E0B3 /* EssentialFeed.framework */,
				996C53BE2B97DC290045E0B3 /* EssentialFeediOS.framework */,
			);
			name = Frameworks;
			sourceTree = "<group>";
		};
		99951F5B2B9E3F6000BC3C6E /* EssentialAppUIAcceptanceTests */ = {
			isa = PBXGroup;
			children = (
				99951F662B9E408600BC3C6E /* EssentialAppUIAcceptanceTests.xctestplan */,
				99951F5C2B9E3F6000BC3C6E /* EssentialAppUIAcceptanceTests.swift */,
			);
			path = EssentialAppUIAcceptanceTests;
			sourceTree = "<group>";
		};
		99B5E7482B9A6292002B7233 /* Helpers */ = {
			isa = PBXGroup;
			children = (
				99B5E7492B9A629F002B7233 /* XCTestCase+MemoryLeakTracking.swift */,
				99B5E74B2B9A62F9002B7233 /* SharedTestHelpers.swift */,
				9902E4D42B9A7770005BCB2D /* FeedLoaderStub.swift */,
				9902E4D62B9A7819005BCB2D /* XCTestCase+FeedLoader.swift */,
				9902E4DE2B9A7C86005BCB2D /* FeedImageDataLoaderSpy.swift */,
				9902E4E02B9A7CDE005BCB2D /* XCTestCase+FeedImageDataLoader.swift */,
			);
			path = Helpers;
			sourceTree = "<group>";
		};
		99DB33B62B97950F00E62B4B = {
			isa = PBXGroup;
			children = (
				99DB33C12B97950F00E62B4B /* EssentialApp */,
				99DB33D82B97951100E62B4B /* EssentialAppTests */,
				99951F5B2B9E3F6000BC3C6E /* EssentialAppUIAcceptanceTests */,
				99DB33C02B97950F00E62B4B /* Products */,
				996C53BC2B97DC290045E0B3 /* Frameworks */,
			);
			sourceTree = "<group>";
		};
		99DB33C02B97950F00E62B4B /* Products */ = {
			isa = PBXGroup;
			children = (
				99DB33BF2B97950F00E62B4B /* EssentialApp.app */,
				99DB33D52B97951100E62B4B /* EssentialAppTests.xctest */,
				99951F5A2B9E3F6000BC3C6E /* EssentialAppUIAcceptanceTests.xctest */,
			);
			name = Products;
			sourceTree = "<group>";
		};
		99DB33C12B97950F00E62B4B /* EssentialApp */ = {
			isa = PBXGroup;
			children = (
				99DB33C22B97950F00E62B4B /* AppDelegate.swift */,
				99DB33C42B97950F00E62B4B /* SceneDelegate.swift */,
				99DB33C62B97950F00E62B4B /* ViewController.swift */,
				99DB33C82B97950F00E62B4B /* Main.storyboard */,
				99DB33CB2B97951100E62B4B /* Assets.xcassets */,
				99DB33CD2B97951100E62B4B /* LaunchScreen.storyboard */,
				99DB33D02B97951100E62B4B /* Info.plist */,
				99B5E7422B9A5D76002B7233 /* FeedLoaderWithFallbackComposite.swift */,
				99B5E7462B9A625C002B7233 /* FeedImageDataLoaderWithFallbackComposite.swift */,
				9902E4DA2B9A7AB2005BCB2D /* FeedLoaderCacheDecorator.swift */,
				9902E4E42B9A7E2F005BCB2D /* FeedImageDataLoaderCacheDecorator.swift */,
			);
			path = EssentialApp;
			sourceTree = "<group>";
		};
		99DB33D82B97951100E62B4B /* EssentialAppTests */ = {
			isa = PBXGroup;
			children = (
				99B5E7482B9A6292002B7233 /* Helpers */,
				996C8A232B9A5A8E00840E3B /* EssentialApp.xctestplan */,
				996C8A252B9A5AF700840E3B /* FeedLoaderWithFallbackComposite.swift */,
				99B5E7442B9A5EB5002B7233 /* FeedImageDataLoaderWithFallbackCompositeTests.swift */,
				9902E4D22B9A770A005BCB2D /* FeedLoaderCacheDecoratorTests.swift */,
				9902E4DC2B9A7C31005BCB2D /* FeedImageDataLoaderCacheDecoratorTests.swift */,
			);
			path = EssentialAppTests;
			sourceTree = "<group>";
		};
/* End PBXGroup section */

/* Begin PBXNativeTarget section */
		99951F592B9E3F6000BC3C6E /* EssentialAppUIAcceptanceTests */ = {
			isa = PBXNativeTarget;
			buildConfigurationList = 99951F642B9E3F6000BC3C6E /* Build configuration list for PBXNativeTarget "EssentialAppUIAcceptanceTests" */;
			buildPhases = (
				99951F562B9E3F6000BC3C6E /* Sources */,
				99951F572B9E3F6000BC3C6E /* Frameworks */,
				99951F582B9E3F6000BC3C6E /* Resources */,
			);
			buildRules = (
			);
			dependencies = (
				99951F612B9E3F6000BC3C6E /* PBXTargetDependency */,
			);
			name = EssentialAppUIAcceptanceTests;
			productName = EssentialAppUIAcceptanceTests;
			productReference = 99951F5A2B9E3F6000BC3C6E /* EssentialAppUIAcceptanceTests.xctest */;
			productType = "com.apple.product-type.bundle.ui-testing";
		};
		99DB33BE2B97950F00E62B4B /* EssentialApp */ = {
			isa = PBXNativeTarget;
			buildConfigurationList = 99DB33E92B97951100E62B4B /* Build configuration list for PBXNativeTarget "EssentialApp" */;
			buildPhases = (
				99DB33BB2B97950F00E62B4B /* Sources */,
				99DB33BC2B97950F00E62B4B /* Frameworks */,
				99DB33BD2B97950F00E62B4B /* Resources */,
				996C53C32B97DC290045E0B3 /* Embed Frameworks */,
			);
			buildRules = (
			);
			dependencies = (
			);
			name = EssentialApp;
			productName = EssentialApp;
			productReference = 99DB33BF2B97950F00E62B4B /* EssentialApp.app */;
			productType = "com.apple.product-type.application";
		};
		99DB33D42B97951100E62B4B /* EssentialAppTests */ = {
			isa = PBXNativeTarget;
			buildConfigurationList = 99DB33EC2B97951100E62B4B /* Build configuration list for PBXNativeTarget "EssentialAppTests" */;
			buildPhases = (
				99DB33D12B97951100E62B4B /* Sources */,
				99DB33D22B97951100E62B4B /* Frameworks */,
				99DB33D32B97951100E62B4B /* Resources */,
			);
			buildRules = (
			);
			dependencies = (
				99DB33D72B97951100E62B4B /* PBXTargetDependency */,
			);
			name = EssentialAppTests;
			productName = EssentialAppTests;
			productReference = 99DB33D52B97951100E62B4B /* EssentialAppTests.xctest */;
			productType = "com.apple.product-type.bundle.unit-test";
		};
/* End PBXNativeTarget section */

/* Begin PBXProject section */
		99DB33B72B97950F00E62B4B /* Project object */ = {
			isa = PBXProject;
			attributes = {
				BuildIndependentTargetsInParallel = 1;
				LastSwiftUpdateCheck = 1520;
				LastUpgradeCheck = 1520;
				TargetAttributes = {
					99951F592B9E3F6000BC3C6E = {
						CreatedOnToolsVersion = 15.2;
						TestTargetID = 99DB33BE2B97950F00E62B4B;
					};
					99DB33BE2B97950F00E62B4B = {
						CreatedOnToolsVersion = 15.2;
					};
					99DB33D42B97951100E62B4B = {
						CreatedOnToolsVersion = 15.2;
						LastSwiftMigration = 1520;
						TestTargetID = 99DB33BE2B97950F00E62B4B;
					};
				};
			};
			buildConfigurationList = 99DB33BA2B97950F00E62B4B /* Build configuration list for PBXProject "EssentialApp" */;
			compatibilityVersion = "Xcode 14.0";
			developmentRegion = en;
			hasScannedForEncodings = 0;
			knownRegions = (
				en,
				Base,
			);
			mainGroup = 99DB33B62B97950F00E62B4B;
			productRefGroup = 99DB33C02B97950F00E62B4B /* Products */;
			projectDirPath = "";
			projectRoot = "";
			targets = (
				99DB33BE2B97950F00E62B4B /* EssentialApp */,
				99DB33D42B97951100E62B4B /* EssentialAppTests */,
				99951F592B9E3F6000BC3C6E /* EssentialAppUIAcceptanceTests */,
			);
		};
/* End PBXProject section */

/* Begin PBXResourcesBuildPhase section */
		99951F582B9E3F6000BC3C6E /* Resources */ = {
			isa = PBXResourcesBuildPhase;
			buildActionMask = 2147483647;
			files = (
			);
			runOnlyForDeploymentPostprocessing = 0;
		};
		99DB33BD2B97950F00E62B4B /* Resources */ = {
			isa = PBXResourcesBuildPhase;
			buildActionMask = 2147483647;
			files = (
				99DB33CF2B97951100E62B4B /* LaunchScreen.storyboard in Resources */,
				99DB33CC2B97951100E62B4B /* Assets.xcassets in Resources */,
				99DB33CA2B97950F00E62B4B /* Main.storyboard in Resources */,
			);
			runOnlyForDeploymentPostprocessing = 0;
		};
		99DB33D32B97951100E62B4B /* Resources */ = {
			isa = PBXResourcesBuildPhase;
			buildActionMask = 2147483647;
			files = (
				996C8A242B9A5A8E00840E3B /* EssentialApp.xctestplan in Resources */,
			);
			runOnlyForDeploymentPostprocessing = 0;
		};
/* End PBXResourcesBuildPhase section */

/* Begin PBXSourcesBuildPhase section */
		99951F562B9E3F6000BC3C6E /* Sources */ = {
			isa = PBXSourcesBuildPhase;
			buildActionMask = 2147483647;
			files = (
				99951F5D2B9E3F6000BC3C6E /* EssentialAppUIAcceptanceTests.swift in Sources */,
			);
			runOnlyForDeploymentPostprocessing = 0;
		};
		99DB33BB2B97950F00E62B4B /* Sources */ = {
			isa = PBXSourcesBuildPhase;
			buildActionMask = 2147483647;
			files = (
				99DB33C72B97950F00E62B4B /* ViewController.swift in Sources */,
				99DB33C32B97950F00E62B4B /* AppDelegate.swift in Sources */,
				99B5E7432B9A5D76002B7233 /* FeedLoaderWithFallbackComposite.swift in Sources */,
				9902E4DB2B9A7AB2005BCB2D /* FeedLoaderCacheDecorator.swift in Sources */,
				99DB33C52B97950F00E62B4B /* SceneDelegate.swift in Sources */,
				99B5E7472B9A625C002B7233 /* FeedImageDataLoaderWithFallbackComposite.swift in Sources */,
				9902E4E52B9A7E2F005BCB2D /* FeedImageDataLoaderCacheDecorator.swift in Sources */,
			);
			runOnlyForDeploymentPostprocessing = 0;
		};
		99DB33D12B97951100E62B4B /* Sources */ = {
			isa = PBXSourcesBuildPhase;
			buildActionMask = 2147483647;
			files = (
				99B5E74C2B9A62F9002B7233 /* SharedTestHelpers.swift in Sources */,
				9902E4DD2B9A7C31005BCB2D /* FeedImageDataLoaderCacheDecoratorTests.swift in Sources */,
				9902E4D72B9A7819005BCB2D /* XCTestCase+FeedLoader.swift in Sources */,
				9902E4E12B9A7CDE005BCB2D /* XCTestCase+FeedImageDataLoader.swift in Sources */,
				9902E4D32B9A770A005BCB2D /* FeedLoaderCacheDecoratorTests.swift in Sources */,
				9902E4DF2B9A7C86005BCB2D /* FeedImageDataLoaderSpy.swift in Sources */,
				99B5E7452B9A5EB5002B7233 /* FeedImageDataLoaderWithFallbackCompositeTests.swift in Sources */,
				996C8A262B9A5AF700840E3B /* FeedLoaderWithFallbackComposite.swift in Sources */,
				9902E4D52B9A7770005BCB2D /* FeedLoaderStub.swift in Sources */,
				99B5E74A2B9A629F002B7233 /* XCTestCase+MemoryLeakTracking.swift in Sources */,
			);
			runOnlyForDeploymentPostprocessing = 0;
		};
/* End PBXSourcesBuildPhase section */

/* Begin PBXTargetDependency section */
		99951F612B9E3F6000BC3C6E /* PBXTargetDependency */ = {
			isa = PBXTargetDependency;
			target = 99DB33BE2B97950F00E62B4B /* EssentialApp */;
			targetProxy = 99951F602B9E3F6000BC3C6E /* PBXContainerItemProxy */;
		};
		99DB33D72B97951100E62B4B /* PBXTargetDependency */ = {
			isa = PBXTargetDependency;
			target = 99DB33BE2B97950F00E62B4B /* EssentialApp */;
			targetProxy = 99DB33D62B97951100E62B4B /* PBXContainerItemProxy */;
		};
/* End PBXTargetDependency section */

/* Begin PBXVariantGroup section */
		99DB33C82B97950F00E62B4B /* Main.storyboard */ = {
			isa = PBXVariantGroup;
			children = (
				99DB33C92B97950F00E62B4B /* Base */,
			);
			name = Main.storyboard;
			sourceTree = "<group>";
		};
		99DB33CD2B97951100E62B4B /* LaunchScreen.storyboard */ = {
			isa = PBXVariantGroup;
			children = (
				99DB33CE2B97951100E62B4B /* Base */,
			);
			name = LaunchScreen.storyboard;
			sourceTree = "<group>";
		};
/* End PBXVariantGroup section */

/* Begin XCBuildConfiguration section */
		99951F622B9E3F6000BC3C6E /* Debug */ = {
			isa = XCBuildConfiguration;
			buildSettings = {
				CODE_SIGN_STYLE = Automatic;
				CURRENT_PROJECT_VERSION = 1;
				DEVELOPMENT_TEAM = B6N88MF9V4;
				GENERATE_INFOPLIST_FILE = YES;
				MARKETING_VERSION = 1.0;
				PRODUCT_BUNDLE_IDENTIFIER = com.kmeletiou.EssentialAppUIAcceptanceTests;
				PRODUCT_NAME = "$(TARGET_NAME)";
				SWIFT_EMIT_LOC_STRINGS = NO;
				SWIFT_VERSION = 5.0;
				TARGETED_DEVICE_FAMILY = "1,2";
				TEST_TARGET_NAME = EssentialApp;
			};
			name = Debug;
		};
		99951F632B9E3F6000BC3C6E /* Release */ = {
			isa = XCBuildConfiguration;
			buildSettings = {
				CODE_SIGN_STYLE = Automatic;
				CURRENT_PROJECT_VERSION = 1;
				DEVELOPMENT_TEAM = B6N88MF9V4;
				GENERATE_INFOPLIST_FILE = YES;
				MARKETING_VERSION = 1.0;
				PRODUCT_BUNDLE_IDENTIFIER = com.kmeletiou.EssentialAppUIAcceptanceTests;
				PRODUCT_NAME = "$(TARGET_NAME)";
				SWIFT_EMIT_LOC_STRINGS = NO;
				SWIFT_VERSION = 5.0;
				TARGETED_DEVICE_FAMILY = "1,2";
				TEST_TARGET_NAME = EssentialApp;
			};
			name = Release;
		};
		99DB33E72B97951100E62B4B /* Debug */ = {
			isa = XCBuildConfiguration;
			buildSettings = {
				ALWAYS_SEARCH_USER_PATHS = NO;
				ASSETCATALOG_COMPILER_GENERATE_SWIFT_ASSET_SYMBOL_EXTENSIONS = YES;
				CLANG_ANALYZER_NONNULL = YES;
				CLANG_ANALYZER_NUMBER_OBJECT_CONVERSION = YES_AGGRESSIVE;
				CLANG_CXX_LANGUAGE_STANDARD = "gnu++20";
				CLANG_ENABLE_MODULES = YES;
				CLANG_ENABLE_OBJC_ARC = YES;
				CLANG_ENABLE_OBJC_WEAK = YES;
				CLANG_WARN_BLOCK_CAPTURE_AUTORELEASING = YES;
				CLANG_WARN_BOOL_CONVERSION = YES;
				CLANG_WARN_COMMA = YES;
				CLANG_WARN_CONSTANT_CONVERSION = YES;
				CLANG_WARN_DEPRECATED_OBJC_IMPLEMENTATIONS = YES;
				CLANG_WARN_DIRECT_OBJC_ISA_USAGE = YES_ERROR;
				CLANG_WARN_DOCUMENTATION_COMMENTS = YES;
				CLANG_WARN_EMPTY_BODY = YES;
				CLANG_WARN_ENUM_CONVERSION = YES;
				CLANG_WARN_INFINITE_RECURSION = YES;
				CLANG_WARN_INT_CONVERSION = YES;
				CLANG_WARN_NON_LITERAL_NULL_CONVERSION = YES;
				CLANG_WARN_OBJC_IMPLICIT_RETAIN_SELF = YES;
				CLANG_WARN_OBJC_LITERAL_CONVERSION = YES;
				CLANG_WARN_OBJC_ROOT_CLASS = YES_ERROR;
				CLANG_WARN_QUOTED_INCLUDE_IN_FRAMEWORK_HEADER = YES;
				CLANG_WARN_RANGE_LOOP_ANALYSIS = YES;
				CLANG_WARN_STRICT_PROTOTYPES = YES;
				CLANG_WARN_SUSPICIOUS_MOVE = YES;
				CLANG_WARN_UNGUARDED_AVAILABILITY = YES_AGGRESSIVE;
				CLANG_WARN_UNREACHABLE_CODE = YES;
				CLANG_WARN__DUPLICATE_METHOD_MATCH = YES;
				COPY_PHASE_STRIP = NO;
				DEBUG_INFORMATION_FORMAT = dwarf;
				ENABLE_STRICT_OBJC_MSGSEND = YES;
				ENABLE_TESTABILITY = YES;
				ENABLE_USER_SCRIPT_SANDBOXING = YES;
				GCC_C_LANGUAGE_STANDARD = gnu17;
				GCC_DYNAMIC_NO_PIC = NO;
				GCC_NO_COMMON_BLOCKS = YES;
				GCC_OPTIMIZATION_LEVEL = 0;
				GCC_PREPROCESSOR_DEFINITIONS = (
					"DEBUG=1",
					"$(inherited)",
				);
				GCC_WARN_64_TO_32_BIT_CONVERSION = YES;
				GCC_WARN_ABOUT_RETURN_TYPE = YES_ERROR;
				GCC_WARN_UNDECLARED_SELECTOR = YES;
				GCC_WARN_UNINITIALIZED_AUTOS = YES_AGGRESSIVE;
				GCC_WARN_UNUSED_FUNCTION = YES;
				GCC_WARN_UNUSED_VARIABLE = YES;
				IPHONEOS_DEPLOYMENT_TARGET = 17.2;
				LOCALIZATION_PREFERS_STRING_CATALOGS = YES;
				MTL_ENABLE_DEBUG_INFO = INCLUDE_SOURCE;
				MTL_FAST_MATH = YES;
				ONLY_ACTIVE_ARCH = YES;
				SDKROOT = iphoneos;
				SWIFT_ACTIVE_COMPILATION_CONDITIONS = "DEBUG $(inherited)";
				SWIFT_OPTIMIZATION_LEVEL = "-Onone";
			};
			name = Debug;
		};
		99DB33E82B97951100E62B4B /* Release */ = {
			isa = XCBuildConfiguration;
			buildSettings = {
				ALWAYS_SEARCH_USER_PATHS = NO;
				ASSETCATALOG_COMPILER_GENERATE_SWIFT_ASSET_SYMBOL_EXTENSIONS = YES;
				CLANG_ANALYZER_NONNULL = YES;
				CLANG_ANALYZER_NUMBER_OBJECT_CONVERSION = YES_AGGRESSIVE;
				CLANG_CXX_LANGUAGE_STANDARD = "gnu++20";
				CLANG_ENABLE_MODULES = YES;
				CLANG_ENABLE_OBJC_ARC = YES;
				CLANG_ENABLE_OBJC_WEAK = YES;
				CLANG_WARN_BLOCK_CAPTURE_AUTORELEASING = YES;
				CLANG_WARN_BOOL_CONVERSION = YES;
				CLANG_WARN_COMMA = YES;
				CLANG_WARN_CONSTANT_CONVERSION = YES;
				CLANG_WARN_DEPRECATED_OBJC_IMPLEMENTATIONS = YES;
				CLANG_WARN_DIRECT_OBJC_ISA_USAGE = YES_ERROR;
				CLANG_WARN_DOCUMENTATION_COMMENTS = YES;
				CLANG_WARN_EMPTY_BODY = YES;
				CLANG_WARN_ENUM_CONVERSION = YES;
				CLANG_WARN_INFINITE_RECURSION = YES;
				CLANG_WARN_INT_CONVERSION = YES;
				CLANG_WARN_NON_LITERAL_NULL_CONVERSION = YES;
				CLANG_WARN_OBJC_IMPLICIT_RETAIN_SELF = YES;
				CLANG_WARN_OBJC_LITERAL_CONVERSION = YES;
				CLANG_WARN_OBJC_ROOT_CLASS = YES_ERROR;
				CLANG_WARN_QUOTED_INCLUDE_IN_FRAMEWORK_HEADER = YES;
				CLANG_WARN_RANGE_LOOP_ANALYSIS = YES;
				CLANG_WARN_STRICT_PROTOTYPES = YES;
				CLANG_WARN_SUSPICIOUS_MOVE = YES;
				CLANG_WARN_UNGUARDED_AVAILABILITY = YES_AGGRESSIVE;
				CLANG_WARN_UNREACHABLE_CODE = YES;
				CLANG_WARN__DUPLICATE_METHOD_MATCH = YES;
				COPY_PHASE_STRIP = NO;
				DEBUG_INFORMATION_FORMAT = "dwarf-with-dsym";
				ENABLE_NS_ASSERTIONS = NO;
				ENABLE_STRICT_OBJC_MSGSEND = YES;
				ENABLE_USER_SCRIPT_SANDBOXING = YES;
				GCC_C_LANGUAGE_STANDARD = gnu17;
				GCC_NO_COMMON_BLOCKS = YES;
				GCC_WARN_64_TO_32_BIT_CONVERSION = YES;
				GCC_WARN_ABOUT_RETURN_TYPE = YES_ERROR;
				GCC_WARN_UNDECLARED_SELECTOR = YES;
				GCC_WARN_UNINITIALIZED_AUTOS = YES_AGGRESSIVE;
				GCC_WARN_UNUSED_FUNCTION = YES;
				GCC_WARN_UNUSED_VARIABLE = YES;
				IPHONEOS_DEPLOYMENT_TARGET = 17.2;
				LOCALIZATION_PREFERS_STRING_CATALOGS = YES;
				MTL_ENABLE_DEBUG_INFO = NO;
				MTL_FAST_MATH = YES;
				SDKROOT = iphoneos;
				SWIFT_COMPILATION_MODE = wholemodule;
				VALIDATE_PRODUCT = YES;
			};
			name = Release;
		};
		99DB33EA2B97951100E62B4B /* Debug */ = {
			isa = XCBuildConfiguration;
			buildSettings = {
				ASSETCATALOG_COMPILER_APPICON_NAME = AppIcon;
				ASSETCATALOG_COMPILER_GLOBAL_ACCENT_COLOR_NAME = AccentColor;
				CODE_SIGN_STYLE = Automatic;
				CURRENT_PROJECT_VERSION = 1;
				DEVELOPMENT_TEAM = B6N88MF9V4;
				GENERATE_INFOPLIST_FILE = YES;
				INFOPLIST_FILE = EssentialApp/Info.plist;
				INFOPLIST_KEY_UIApplicationSupportsIndirectInputEvents = YES;
				INFOPLIST_KEY_UILaunchStoryboardName = LaunchScreen;
				INFOPLIST_KEY_UIMainStoryboardFile = Main;
				INFOPLIST_KEY_UISupportedInterfaceOrientations = UIInterfaceOrientationPortrait;
				INFOPLIST_KEY_UISupportedInterfaceOrientations_iPad = "UIInterfaceOrientationLandscapeLeft UIInterfaceOrientationLandscapeRight UIInterfaceOrientationPortrait UIInterfaceOrientationPortraitUpsideDown";
				LD_RUNPATH_SEARCH_PATHS = (
					"$(inherited)",
					"@executable_path/Frameworks",
				);
				MARKETING_VERSION = 1.0;
				PRODUCT_BUNDLE_IDENTIFIER = com.kmeletiou.EssentialApp;
				PRODUCT_NAME = "$(TARGET_NAME)";
				SWIFT_EMIT_LOC_STRINGS = YES;
				SWIFT_VERSION = 5.0;
				TARGETED_DEVICE_FAMILY = "1,2";
			};
			name = Debug;
		};
		99DB33EB2B97951100E62B4B /* Release */ = {
			isa = XCBuildConfiguration;
			buildSettings = {
				ASSETCATALOG_COMPILER_APPICON_NAME = AppIcon;
				ASSETCATALOG_COMPILER_GLOBAL_ACCENT_COLOR_NAME = AccentColor;
				CODE_SIGN_STYLE = Automatic;
				CURRENT_PROJECT_VERSION = 1;
				DEVELOPMENT_TEAM = B6N88MF9V4;
				GENERATE_INFOPLIST_FILE = YES;
				INFOPLIST_FILE = EssentialApp/Info.plist;
				INFOPLIST_KEY_UIApplicationSupportsIndirectInputEvents = YES;
				INFOPLIST_KEY_UILaunchStoryboardName = LaunchScreen;
				INFOPLIST_KEY_UIMainStoryboardFile = Main;
				INFOPLIST_KEY_UISupportedInterfaceOrientations = UIInterfaceOrientationPortrait;
				INFOPLIST_KEY_UISupportedInterfaceOrientations_iPad = "UIInterfaceOrientationLandscapeLeft UIInterfaceOrientationLandscapeRight UIInterfaceOrientationPortrait UIInterfaceOrientationPortraitUpsideDown";
				LD_RUNPATH_SEARCH_PATHS = (
					"$(inherited)",
					"@executable_path/Frameworks",
				);
				MARKETING_VERSION = 1.0;
				PRODUCT_BUNDLE_IDENTIFIER = com.kmeletiou.EssentialApp;
				PRODUCT_NAME = "$(TARGET_NAME)";
				SWIFT_EMIT_LOC_STRINGS = YES;
				SWIFT_VERSION = 5.0;
				TARGETED_DEVICE_FAMILY = "1,2";
			};
			name = Release;
		};
		99DB33ED2B97951100E62B4B /* Debug */ = {
			isa = XCBuildConfiguration;
			buildSettings = {
				ALWAYS_EMBED_SWIFT_STANDARD_LIBRARIES = YES;
				BUNDLE_LOADER = "$(TEST_HOST)";
				CLANG_ENABLE_MODULES = YES;
				CODE_SIGN_STYLE = Automatic;
				CURRENT_PROJECT_VERSION = 1;
				DEVELOPMENT_TEAM = B6N88MF9V4;
				GENERATE_INFOPLIST_FILE = YES;
				IPHONEOS_DEPLOYMENT_TARGET = 17.2;
				MARKETING_VERSION = 1.0;
				PRODUCT_BUNDLE_IDENTIFIER = com.kmeletiou.EssentialAppTests;
				PRODUCT_NAME = "$(TARGET_NAME)";
				SWIFT_EMIT_LOC_STRINGS = NO;
				SWIFT_OPTIMIZATION_LEVEL = "-Onone";
				SWIFT_VERSION = 5.0;
				TARGETED_DEVICE_FAMILY = "1,2";
				TEST_HOST = "$(BUILT_PRODUCTS_DIR)/EssentialApp.app/$(BUNDLE_EXECUTABLE_FOLDER_PATH)/EssentialApp";
			};
			name = Debug;
		};
		99DB33EE2B97951100E62B4B /* Release */ = {
			isa = XCBuildConfiguration;
			buildSettings = {
				ALWAYS_EMBED_SWIFT_STANDARD_LIBRARIES = YES;
				BUNDLE_LOADER = "$(TEST_HOST)";
				CLANG_ENABLE_MODULES = YES;
				CODE_SIGN_STYLE = Automatic;
				CURRENT_PROJECT_VERSION = 1;
				DEVELOPMENT_TEAM = B6N88MF9V4;
				GENERATE_INFOPLIST_FILE = YES;
				IPHONEOS_DEPLOYMENT_TARGET = 17.2;
				MARKETING_VERSION = 1.0;
				PRODUCT_BUNDLE_IDENTIFIER = com.kmeletiou.EssentialAppTests;
				PRODUCT_NAME = "$(TARGET_NAME)";
				SWIFT_EMIT_LOC_STRINGS = NO;
				SWIFT_VERSION = 5.0;
				TARGETED_DEVICE_FAMILY = "1,2";
				TEST_HOST = "$(BUILT_PRODUCTS_DIR)/EssentialApp.app/$(BUNDLE_EXECUTABLE_FOLDER_PATH)/EssentialApp";
			};
			name = Release;
		};
/* End XCBuildConfiguration section */

/* Begin XCConfigurationList section */
		99951F642B9E3F6000BC3C6E /* Build configuration list for PBXNativeTarget "EssentialAppUIAcceptanceTests" */ = {
			isa = XCConfigurationList;
			buildConfigurations = (
				99951F622B9E3F6000BC3C6E /* Debug */,
				99951F632B9E3F6000BC3C6E /* Release */,
			);
			defaultConfigurationIsVisible = 0;
			defaultConfigurationName = Release;
		};
		99DB33BA2B97950F00E62B4B /* Build configuration list for PBXProject "EssentialApp" */ = {
			isa = XCConfigurationList;
			buildConfigurations = (
				99DB33E72B97951100E62B4B /* Debug */,
				99DB33E82B97951100E62B4B /* Release */,
			);
			defaultConfigurationIsVisible = 0;
			defaultConfigurationName = Release;
		};
		99DB33E92B97951100E62B4B /* Build configuration list for PBXNativeTarget "EssentialApp" */ = {
			isa = XCConfigurationList;
			buildConfigurations = (
				99DB33EA2B97951100E62B4B /* Debug */,
				99DB33EB2B97951100E62B4B /* Release */,
			);
			defaultConfigurationIsVisible = 0;
			defaultConfigurationName = Release;
		};
		99DB33EC2B97951100E62B4B /* Build configuration list for PBXNativeTarget "EssentialAppTests" */ = {
			isa = XCConfigurationList;
			buildConfigurations = (
				99DB33ED2B97951100E62B4B /* Debug */,
				99DB33EE2B97951100E62B4B /* Release */,
			);
			defaultConfigurationIsVisible = 0;
			defaultConfigurationName = Release;
		};
/* End XCConfigurationList section */
	};
	rootObject = 99DB33B72B97950F00E62B4B /* Project object */;
}
