// !$*UTF8*$!
{
	archiveVersion = 1;
	classes = {
	};
	objectVersion = 56;
	objects = {

/* Begin PBXBuildFile section */
		9906654B2B9E77A3005A2040 /* HTTPClientStub.swift in Sources */ = {isa = PBXBuildFile; fileRef = 9906654A2B9E77A3005A2040 /* HTTPClientStub.swift */; };
		992433922BA1152700FCF2B3 /* CombineHelpers.swift in Sources */ = {isa = PBXBuildFile; fileRef = 992433912BA1152700FCF2B3 /* CombineHelpers.swift */; };
		993855412BAE006A00CC1DA4 /* CommentsUIIntegrationTests.swift in Sources */ = {isa = PBXBuildFile; fileRef = 993855402BAE006A00CC1DA4 /* CommentsUIIntegrationTests.swift */; };
		993855432BAE00D100CC1DA4 /* CommentsUIComposer.swift in Sources */ = {isa = PBXBuildFile; fileRef = 993855422BAE00D100CC1DA4 /* CommentsUIComposer.swift */; };
		995F62A02B9F72F900F849B3 /* UIView+TestHelpers.swift in Sources */ = {isa = PBXBuildFile; fileRef = 995F629F2B9F72F900F849B3 /* UIView+TestHelpers.swift */; };
		996C53BF2B97DC290045E0B3 /* EssentialFeed.framework in Frameworks */ = {isa = PBXBuildFile; fileRef = 996C53BD2B97DC290045E0B3 /* EssentialFeed.framework */; };
		996C53C02B97DC290045E0B3 /* EssentialFeed.framework in Embed Frameworks */ = {isa = PBXBuildFile; fileRef = 996C53BD2B97DC290045E0B3 /* EssentialFeed.framework */; settings = {ATTRIBUTES = (CodeSignOnCopy, RemoveHeadersOnCopy, ); }; };
		996C53C12B97DC290045E0B3 /* EssentialFeediOS.framework in Frameworks */ = {isa = PBXBuildFile; fileRef = 996C53BE2B97DC290045E0B3 /* EssentialFeediOS.framework */; };
		996C53C22B97DC290045E0B3 /* EssentialFeediOS.framework in Embed Frameworks */ = {isa = PBXBuildFile; fileRef = 996C53BE2B97DC290045E0B3 /* EssentialFeediOS.framework */; settings = {ATTRIBUTES = (CodeSignOnCopy, RemoveHeadersOnCopy, ); }; };
		996C8A242B9A5A8E00840E3B /* EssentialApp.xctestplan in Resources */ = {isa = PBXBuildFile; fileRef = 996C8A232B9A5A8E00840E3B /* EssentialApp.xctestplan */; };
		99951F6A2B9E6BDE00BC3C6E /* SceneDelegateTests.swift in Sources */ = {isa = PBXBuildFile; fileRef = 99951F692B9E6BDE00BC3C6E /* SceneDelegateTests.swift */; };
		99951F8D2B9E6E2000BC3C6E /* FeedUIComposer.swift in Sources */ = {isa = PBXBuildFile; fileRef = 99951F8A2B9E6E1F00BC3C6E /* FeedUIComposer.swift */; };
		99951F8F2B9E6E2000BC3C6E /* WeakRefVirtualProxy.swift in Sources */ = {isa = PBXBuildFile; fileRef = 99951F872B9E6E1F00BC3C6E /* WeakRefVirtualProxy.swift */; };
		99951F912B9E6E2000BC3C6E /* LoadResourcePresentationAdapter.swift in Sources */ = {isa = PBXBuildFile; fileRef = 99951F8B2B9E6E2000BC3C6E /* LoadResourcePresentationAdapter.swift */; };
		99951F922B9E6E2000BC3C6E /* FeedViewAdapter.swift in Sources */ = {isa = PBXBuildFile; fileRef = 99951F892B9E6E1F00BC3C6E /* FeedViewAdapter.swift */; };
		99951F9C2B9E6E4400BC3C6E /* FeedImageCell+TestHelpers.swift in Sources */ = {isa = PBXBuildFile; fileRef = 99951F9B2B9E6E4400BC3C6E /* FeedImageCell+TestHelpers.swift */; };
		99951F9D2B9E6E4400BC3C6E /* UIRefreshControl+TestHelpers.swift in Sources */ = {isa = PBXBuildFile; fileRef = 99951F952B9E6E4400BC3C6E /* UIRefreshControl+TestHelpers.swift */; };
		99951F9E2B9E6E4400BC3C6E /* FeedUIIntegrationTests+Assertions.swift in Sources */ = {isa = PBXBuildFile; fileRef = 99951F932B9E6E4400BC3C6E /* FeedUIIntegrationTests+Assertions.swift */; };
		99951F9F2B9E6E4400BC3C6E /* UIButton+TestHelpers.swift in Sources */ = {isa = PBXBuildFile; fileRef = 99951F942B9E6E4400BC3C6E /* UIButton+TestHelpers.swift */; };
		99951FA02B9E6E4400BC3C6E /* ListViewController+TestHelpers.swift in Sources */ = {isa = PBXBuildFile; fileRef = 99951F992B9E6E4400BC3C6E /* ListViewController+TestHelpers.swift */; };
		99951FA12B9E6E4400BC3C6E /* UIControl+TestHelpers.swift in Sources */ = {isa = PBXBuildFile; fileRef = 99951F962B9E6E4400BC3C6E /* UIControl+TestHelpers.swift */; };
		99951FA22B9E6E4400BC3C6E /* FeedUIIntegrationTests+LoaderSpy.swift in Sources */ = {isa = PBXBuildFile; fileRef = 99951F982B9E6E4400BC3C6E /* FeedUIIntegrationTests+LoaderSpy.swift */; };
		99951FA32B9E6E4400BC3C6E /* UIImage+TestHelpers.swift in Sources */ = {isa = PBXBuildFile; fileRef = 99951F972B9E6E4400BC3C6E /* UIImage+TestHelpers.swift */; };
		99951FA62B9E6E5800BC3C6E /* FeedUIIntegrationTests.swift in Sources */ = {isa = PBXBuildFile; fileRef = 99951FA52B9E6E5800BC3C6E /* FeedUIIntegrationTests.swift */; };
		99951FA82B9E703000BC3C6E /* FeedAcceptanceTests.swift in Sources */ = {isa = PBXBuildFile; fileRef = 99951FA72B9E703000BC3C6E /* FeedAcceptanceTests.swift */; };
		99B5E74A2B9A629F002B7233 /* XCTestCase+MemoryLeakTracking.swift in Sources */ = {isa = PBXBuildFile; fileRef = 99B5E7492B9A629F002B7233 /* XCTestCase+MemoryLeakTracking.swift */; };
		99B5E74C2B9A62F9002B7233 /* SharedTestHelpers.swift in Sources */ = {isa = PBXBuildFile; fileRef = 99B5E74B2B9A62F9002B7233 /* SharedTestHelpers.swift */; };
		99DB33C32B97950F00E62B4B /* AppDelegate.swift in Sources */ = {isa = PBXBuildFile; fileRef = 99DB33C22B97950F00E62B4B /* AppDelegate.swift */; };
		99DB33C52B97950F00E62B4B /* SceneDelegate.swift in Sources */ = {isa = PBXBuildFile; fileRef = 99DB33C42B97950F00E62B4B /* SceneDelegate.swift */; };
		99DB33C72B97950F00E62B4B /* ViewController.swift in Sources */ = {isa = PBXBuildFile; fileRef = 99DB33C62B97950F00E62B4B /* ViewController.swift */; };
		99DB33CC2B97951100E62B4B /* Assets.xcassets in Resources */ = {isa = PBXBuildFile; fileRef = 99DB33CB2B97951100E62B4B /* Assets.xcassets */; };
		99DB33CF2B97951100E62B4B /* LaunchScreen.storyboard in Resources */ = {isa = PBXBuildFile; fileRef = 99DB33CD2B97951100E62B4B /* LaunchScreen.storyboard */; };
/* End PBXBuildFile section */

/* Begin PBXContainerItemProxy section */
		99DB33D62B97951100E62B4B /* PBXContainerItemProxy */ = {
			isa = PBXContainerItemProxy;
			containerPortal = 99DB33B72B97950F00E62B4B /* Project object */;
			proxyType = 1;
			remoteGlobalIDString = 99DB33BE2B97950F00E62B4B;
			remoteInfo = EssentialApp;
		};
/* End PBXContainerItemProxy section */

/* Begin PBXCopyFilesBuildPhase section */
		996C53C32B97DC290045E0B3 /* Embed Frameworks */ = {
			isa = PBXCopyFilesBuildPhase;
			buildActionMask = 2147483647;
			dstPath = "";
			dstSubfolderSpec = 10;
			files = (
				996C53C02B97DC290045E0B3 /* EssentialFeed.framework in Embed Frameworks */,
				996C53C22B97DC290045E0B3 /* EssentialFeediOS.framework in Embed Frameworks */,
			);
			name = "Embed Frameworks";
			runOnlyForDeploymentPostprocessing = 0;
		};
/* End PBXCopyFilesBuildPhase section */

/* Begin PBXFileReference section */
		9906654A2B9E77A3005A2040 /* HTTPClientStub.swift */ = {isa = PBXFileReference; lastKnownFileType = sourcecode.swift; path = HTTPClientStub.swift; sourceTree = "<group>"; };
		992433912BA1152700FCF2B3 /* CombineHelpers.swift */ = {isa = PBXFileReference; lastKnownFileType = sourcecode.swift; path = CombineHelpers.swift; sourceTree = "<group>"; };
		993855402BAE006A00CC1DA4 /* CommentsUIIntegrationTests.swift */ = {isa = PBXFileReference; lastKnownFileType = sourcecode.swift; path = CommentsUIIntegrationTests.swift; sourceTree = "<group>"; };
		993855422BAE00D100CC1DA4 /* CommentsUIComposer.swift */ = {isa = PBXFileReference; lastKnownFileType = sourcecode.swift; path = CommentsUIComposer.swift; sourceTree = "<group>"; };
		995F629F2B9F72F900F849B3 /* UIView+TestHelpers.swift */ = {isa = PBXFileReference; lastKnownFileType = sourcecode.swift; path = "UIView+TestHelpers.swift"; sourceTree = "<group>"; };
		996C53BD2B97DC290045E0B3 /* EssentialFeed.framework */ = {isa = PBXFileReference; explicitFileType = wrapper.framework; path = EssentialFeed.framework; sourceTree = BUILT_PRODUCTS_DIR; };
		996C53BE2B97DC290045E0B3 /* EssentialFeediOS.framework */ = {isa = PBXFileReference; explicitFileType = wrapper.framework; path = EssentialFeediOS.framework; sourceTree = BUILT_PRODUCTS_DIR; };
		996C8A232B9A5A8E00840E3B /* EssentialApp.xctestplan */ = {isa = PBXFileReference; fileEncoding = 4; lastKnownFileType = text; path = EssentialApp.xctestplan; sourceTree = "<group>"; };
		99951F692B9E6BDE00BC3C6E /* SceneDelegateTests.swift */ = {isa = PBXFileReference; lastKnownFileType = sourcecode.swift; path = SceneDelegateTests.swift; sourceTree = "<group>"; };
		99951F872B9E6E1F00BC3C6E /* WeakRefVirtualProxy.swift */ = {isa = PBXFileReference; lastKnownFileType = sourcecode.swift; path = WeakRefVirtualProxy.swift; sourceTree = "<group>"; };
		99951F892B9E6E1F00BC3C6E /* FeedViewAdapter.swift */ = {isa = PBXFileReference; lastKnownFileType = sourcecode.swift; path = FeedViewAdapter.swift; sourceTree = "<group>"; };
		99951F8A2B9E6E1F00BC3C6E /* FeedUIComposer.swift */ = {isa = PBXFileReference; lastKnownFileType = sourcecode.swift; path = FeedUIComposer.swift; sourceTree = "<group>"; };
		99951F8B2B9E6E2000BC3C6E /* LoadResourcePresentationAdapter.swift */ = {isa = PBXFileReference; lastKnownFileType = sourcecode.swift; path = LoadResourcePresentationAdapter.swift; sourceTree = "<group>"; };
		99951F932B9E6E4400BC3C6E /* FeedUIIntegrationTests+Assertions.swift */ = {isa = PBXFileReference; lastKnownFileType = sourcecode.swift; path = "FeedUIIntegrationTests+Assertions.swift"; sourceTree = "<group>"; };
		99951F942B9E6E4400BC3C6E /* UIButton+TestHelpers.swift */ = {isa = PBXFileReference; lastKnownFileType = sourcecode.swift; path = "UIButton+TestHelpers.swift"; sourceTree = "<group>"; };
		99951F952B9E6E4400BC3C6E /* UIRefreshControl+TestHelpers.swift */ = {isa = PBXFileReference; lastKnownFileType = sourcecode.swift; path = "UIRefreshControl+TestHelpers.swift"; sourceTree = "<group>"; };
		99951F962B9E6E4400BC3C6E /* UIControl+TestHelpers.swift */ = {isa = PBXFileReference; lastKnownFileType = sourcecode.swift; path = "UIControl+TestHelpers.swift"; sourceTree = "<group>"; };
		99951F972B9E6E4400BC3C6E /* UIImage+TestHelpers.swift */ = {isa = PBXFileReference; lastKnownFileType = sourcecode.swift; path = "UIImage+TestHelpers.swift"; sourceTree = "<group>"; };
		99951F982B9E6E4400BC3C6E /* FeedUIIntegrationTests+LoaderSpy.swift */ = {isa = PBXFileReference; lastKnownFileType = sourcecode.swift; path = "FeedUIIntegrationTests+LoaderSpy.swift"; sourceTree = "<group>"; };
		99951F992B9E6E4400BC3C6E /* ListViewController+TestHelpers.swift */ = {isa = PBXFileReference; lastKnownFileType = sourcecode.swift; path = "ListViewController+TestHelpers.swift"; sourceTree = "<group>"; };
		99951F9B2B9E6E4400BC3C6E /* FeedImageCell+TestHelpers.swift */ = {isa = PBXFileReference; lastKnownFileType = sourcecode.swift; path = "FeedImageCell+TestHelpers.swift"; sourceTree = "<group>"; };
		99951FA52B9E6E5800BC3C6E /* FeedUIIntegrationTests.swift */ = {isa = PBXFileReference; lastKnownFileType = sourcecode.swift; path = FeedUIIntegrationTests.swift; sourceTree = "<group>"; };
		99951FA72B9E703000BC3C6E /* FeedAcceptanceTests.swift */ = {isa = PBXFileReference; lastKnownFileType = sourcecode.swift; path = FeedAcceptanceTests.swift; sourceTree = "<group>"; };
		99B5E7492B9A629F002B7233 /* XCTestCase+MemoryLeakTracking.swift */ = {isa = PBXFileReference; lastKnownFileType = sourcecode.swift; path = "XCTestCase+MemoryLeakTracking.swift"; sourceTree = "<group>"; };
		99B5E74B2B9A62F9002B7233 /* SharedTestHelpers.swift */ = {isa = PBXFileReference; lastKnownFileType = sourcecode.swift; path = SharedTestHelpers.swift; sourceTree = "<group>"; };
		99DB33BF2B97950F00E62B4B /* EssentialApp.app */ = {isa = PBXFileReference; explicitFileType = wrapper.application; includeInIndex = 0; path = EssentialApp.app; sourceTree = BUILT_PRODUCTS_DIR; };
		99DB33C22B97950F00E62B4B /* AppDelegate.swift */ = {isa = PBXFileReference; lastKnownFileType = sourcecode.swift; path = AppDelegate.swift; sourceTree = "<group>"; };
		99DB33C42B97950F00E62B4B /* SceneDelegate.swift */ = {isa = PBXFileReference; lastKnownFileType = sourcecode.swift; path = SceneDelegate.swift; sourceTree = "<group>"; };
		99DB33C62B97950F00E62B4B /* ViewController.swift */ = {isa = PBXFileReference; lastKnownFileType = sourcecode.swift; path = ViewController.swift; sourceTree = "<group>"; };
		99DB33CB2B97951100E62B4B /* Assets.xcassets */ = {isa = PBXFileReference; lastKnownFileType = folder.assetcatalog; path = Assets.xcassets; sourceTree = "<group>"; };
		99DB33CE2B97951100E62B4B /* Base */ = {isa = PBXFileReference; lastKnownFileType = file.storyboard; name = Base; path = Base.lproj/LaunchScreen.storyboard; sourceTree = "<group>"; };
		99DB33D02B97951100E62B4B /* Info.plist */ = {isa = PBXFileReference; lastKnownFileType = text.plist.xml; path = Info.plist; sourceTree = "<group>"; };
		99DB33D52B97951100E62B4B /* EssentialAppTests.xctest */ = {isa = PBXFileReference; explicitFileType = wrapper.cfbundle; includeInIndex = 0; path = EssentialAppTests.xctest; sourceTree = BUILT_PRODUCTS_DIR; };
/* End PBXFileReference section */

/* Begin PBXFrameworksBuildPhase section */
		99DB33BC2B97950F00E62B4B /* Frameworks */ = {
			isa = PBXFrameworksBuildPhase;
			buildActionMask = 2147483647;
			files = (
				996C53BF2B97DC290045E0B3 /* EssentialFeed.framework in Frameworks */,
				996C53C12B97DC290045E0B3 /* EssentialFeediOS.framework in Frameworks */,
			);
			runOnlyForDeploymentPostprocessing = 0;
		};
		99DB33D22B97951100E62B4B /* Frameworks */ = {
			isa = PBXFrameworksBuildPhase;
			buildActionMask = 2147483647;
			files = (
			);
			runOnlyForDeploymentPostprocessing = 0;
		};
/* End PBXFrameworksBuildPhase section */

/* Begin PBXGroup section */
		996C53BC2B97DC290045E0B3 /* Frameworks */ = {
			isa = PBXGroup;
			children = (
				996C53BD2B97DC290045E0B3 /* EssentialFeed.framework */,
				996C53BE2B97DC290045E0B3 /* EssentialFeediOS.framework */,
			);
			name = Frameworks;
			sourceTree = "<group>";
		};
		99B5E7482B9A6292002B7233 /* Helpers */ = {
			isa = PBXGroup;
			children = (
				99B5E7492B9A629F002B7233 /* XCTestCase+MemoryLeakTracking.swift */,
				99B5E74B2B9A62F9002B7233 /* SharedTestHelpers.swift */,
				99951F972B9E6E4400BC3C6E /* UIImage+TestHelpers.swift */,
				99951F952B9E6E4400BC3C6E /* UIRefreshControl+TestHelpers.swift */,
				99951F942B9E6E4400BC3C6E /* UIButton+TestHelpers.swift */,
				99951F962B9E6E4400BC3C6E /* UIControl+TestHelpers.swift */,
				99951F982B9E6E4400BC3C6E /* FeedUIIntegrationTests+LoaderSpy.swift */,
				99951F932B9E6E4400BC3C6E /* FeedUIIntegrationTests+Assertions.swift */,
				99951F992B9E6E4400BC3C6E /* ListViewController+TestHelpers.swift */,
				99951F9B2B9E6E4400BC3C6E /* FeedImageCell+TestHelpers.swift */,
				9906654A2B9E77A3005A2040 /* HTTPClientStub.swift */,
				995F629F2B9F72F900F849B3 /* UIView+TestHelpers.swift */,
			);
			path = Helpers;
			sourceTree = "<group>";
		};
		99DB33B62B97950F00E62B4B = {
			isa = PBXGroup;
			children = (
				99DB33C12B97950F00E62B4B /* EssentialApp */,
				99DB33D82B97951100E62B4B /* EssentialAppTests */,
				99DB33C02B97950F00E62B4B /* Products */,
				996C53BC2B97DC290045E0B3 /* Frameworks */,
			);
			sourceTree = "<group>";
		};
		99DB33C02B97950F00E62B4B /* Products */ = {
			isa = PBXGroup;
			children = (
				99DB33BF2B97950F00E62B4B /* EssentialApp.app */,
				99DB33D52B97951100E62B4B /* EssentialAppTests.xctest */,
			);
			name = Products;
			sourceTree = "<group>";
		};
		99DB33C12B97950F00E62B4B /* EssentialApp */ = {
			isa = PBXGroup;
			children = (
				99951F8A2B9E6E1F00BC3C6E /* FeedUIComposer.swift */,
				993855422BAE00D100CC1DA4 /* CommentsUIComposer.swift */,
				99951F872B9E6E1F00BC3C6E /* WeakRefVirtualProxy.swift */,
				99951F8B2B9E6E2000BC3C6E /* LoadResourcePresentationAdapter.swift */,
				99951F892B9E6E1F00BC3C6E /* FeedViewAdapter.swift */,
				99DB33C22B97950F00E62B4B /* AppDelegate.swift */,
				99DB33C42B97950F00E62B4B /* SceneDelegate.swift */,
				99DB33C62B97950F00E62B4B /* ViewController.swift */,
				99DB33CB2B97951100E62B4B /* Assets.xcassets */,
				99DB33CD2B97951100E62B4B /* LaunchScreen.storyboard */,
				99DB33D02B97951100E62B4B /* Info.plist */,
				992433912BA1152700FCF2B3 /* CombineHelpers.swift */,
			);
			path = EssentialApp;
			sourceTree = "<group>";
		};
		99DB33D82B97951100E62B4B /* EssentialAppTests */ = {
			isa = PBXGroup;
			children = (
				99B5E7482B9A6292002B7233 /* Helpers */,
				996C8A232B9A5A8E00840E3B /* EssentialApp.xctestplan */,
				99951F692B9E6BDE00BC3C6E /* SceneDelegateTests.swift */,
				99951FA52B9E6E5800BC3C6E /* FeedUIIntegrationTests.swift */,
				99951FA72B9E703000BC3C6E /* FeedAcceptanceTests.swift */,
				993855402BAE006A00CC1DA4 /* CommentsUIIntegrationTests.swift */,
			);
			path = EssentialAppTests;
			sourceTree = "<group>";
		};
/* End PBXGroup section */

/* Begin PBXNativeTarget section */
		99DB33BE2B97950F00E62B4B /* EssentialApp */ = {
			isa = PBXNativeTarget;
			buildConfigurationList = 99DB33E92B97951100E62B4B /* Build configuration list for PBXNativeTarget "EssentialApp" */;
			buildPhases = (
				99DB33BB2B97950F00E62B4B /* Sources */,
				99DB33BC2B97950F00E62B4B /* Frameworks */,
				99DB33BD2B97950F00E62B4B /* Resources */,
				996C53C32B97DC290045E0B3 /* Embed Frameworks */,
			);
			buildRules = (
			);
			dependencies = (
			);
			name = EssentialApp;
			productName = EssentialApp;
			productReference = 99DB33BF2B97950F00E62B4B /* EssentialApp.app */;
			productType = "com.apple.product-type.application";
		};
		99DB33D42B97951100E62B4B /* EssentialAppTests */ = {
			isa = PBXNativeTarget;
			buildConfigurationList = 99DB33EC2B97951100E62B4B /* Build configuration list for PBXNativeTarget "EssentialAppTests" */;
			buildPhases = (
				99DB33D12B97951100E62B4B /* Sources */,
				99DB33D22B97951100E62B4B /* Frameworks */,
				99DB33D32B97951100E62B4B /* Resources */,
			);
			buildRules = (
			);
			dependencies = (
				99DB33D72B97951100E62B4B /* PBXTargetDependency */,
			);
			name = EssentialAppTests;
			productName = EssentialAppTests;
			productReference = 99DB33D52B97951100E62B4B /* EssentialAppTests.xctest */;
			productType = "com.apple.product-type.bundle.unit-test";
		};
/* End PBXNativeTarget section */

/* Begin PBXProject section */
		99DB33B72B97950F00E62B4B /* Project object */ = {
			isa = PBXProject;
			attributes = {
				BuildIndependentTargetsInParallel = 1;
				LastSwiftUpdateCheck = 1520;
				LastUpgradeCheck = 1520;
				TargetAttributes = {
					99DB33BE2B97950F00E62B4B = {
						CreatedOnToolsVersion = 15.2;
					};
					99DB33D42B97951100E62B4B = {
						CreatedOnToolsVersion = 15.2;
						LastSwiftMigration = 1520;
						TestTargetID = 99DB33BE2B97950F00E62B4B;
					};
				};
			};
			buildConfigurationList = 99DB33BA2B97950F00E62B4B /* Build configuration list for PBXProject "EssentialApp" */;
			compatibilityVersion = "Xcode 14.0";
			developmentRegion = en;
			hasScannedForEncodings = 0;
			knownRegions = (
				en,
				Base,
			);
			mainGroup = 99DB33B62B97950F00E62B4B;
			productRefGroup = 99DB33C02B97950F00E62B4B /* Products */;
			projectDirPath = "";
			projectRoot = "";
			targets = (
				99DB33BE2B97950F00E62B4B /* EssentialApp */,
				99DB33D42B97951100E62B4B /* EssentialAppTests */,
			);
		};
/* End PBXProject section */

/* Begin PBXResourcesBuildPhase section */
		99DB33BD2B97950F00E62B4B /* Resources */ = {
			isa = PBXResourcesBuildPhase;
			buildActionMask = 2147483647;
			files = (
				99DB33CF2B97951100E62B4B /* LaunchScreen.storyboard in Resources */,
				99DB33CC2B97951100E62B4B /* Assets.xcassets in Resources */,
			);
			runOnlyForDeploymentPostprocessing = 0;
		};
		99DB33D32B97951100E62B4B /* Resources */ = {
			isa = PBXResourcesBuildPhase;
			buildActionMask = 2147483647;
			files = (
				996C8A242B9A5A8E00840E3B /* EssentialApp.xctestplan in Resources */,
			);
			runOnlyForDeploymentPostprocessing = 0;
		};
/* End PBXResourcesBuildPhase section */

/* Begin PBXSourcesBuildPhase section */
		99DB33BB2B97950F00E62B4B /* Sources */ = {
			isa = PBXSourcesBuildPhase;
			buildActionMask = 2147483647;
			files = (
				99951F922B9E6E2000BC3C6E /* FeedViewAdapter.swift in Sources */,
				992433922BA1152700FCF2B3 /* CombineHelpers.swift in Sources */,
				99951F8F2B9E6E2000BC3C6E /* WeakRefVirtualProxy.swift in Sources */,
				99DB33C72B97950F00E62B4B /* ViewController.swift in Sources */,
				993855432BAE00D100CC1DA4 /* CommentsUIComposer.swift in Sources */,
				99951F8D2B9E6E2000BC3C6E /* FeedUIComposer.swift in Sources */,
				99DB33C32B97950F00E62B4B /* AppDelegate.swift in Sources */,
				99951F912B9E6E2000BC3C6E /* LoadResourcePresentationAdapter.swift in Sources */,
				99DB33C52B97950F00E62B4B /* SceneDelegate.swift in Sources */,
			);
			runOnlyForDeploymentPostprocessing = 0;
		};
		99DB33D12B97951100E62B4B /* Sources */ = {
			isa = PBXSourcesBuildPhase;
			buildActionMask = 2147483647;
			files = (
				99951FA02B9E6E4400BC3C6E /* ListViewController+TestHelpers.swift in Sources */,
				99B5E74C2B9A62F9002B7233 /* SharedTestHelpers.swift in Sources */,
				993855412BAE006A00CC1DA4 /* CommentsUIIntegrationTests.swift in Sources */,
				99951FA32B9E6E4400BC3C6E /* UIImage+TestHelpers.swift in Sources */,
				99951FA22B9E6E4400BC3C6E /* FeedUIIntegrationTests+LoaderSpy.swift in Sources */,
				99951FA12B9E6E4400BC3C6E /* UIControl+TestHelpers.swift in Sources */,
				99951F6A2B9E6BDE00BC3C6E /* SceneDelegateTests.swift in Sources */,
				99951F9E2B9E6E4400BC3C6E /* FeedUIIntegrationTests+Assertions.swift in Sources */,
				99951F9C2B9E6E4400BC3C6E /* FeedImageCell+TestHelpers.swift in Sources */,
				99951F9D2B9E6E4400BC3C6E /* UIRefreshControl+TestHelpers.swift in Sources */,
				9906654B2B9E77A3005A2040 /* HTTPClientStub.swift in Sources */,
				995F62A02B9F72F900F849B3 /* UIView+TestHelpers.swift in Sources */,
				99951F9F2B9E6E4400BC3C6E /* UIButton+TestHelpers.swift in Sources */,
				99951FA82B9E703000BC3C6E /* FeedAcceptanceTests.swift in Sources */,
				99951FA62B9E6E5800BC3C6E /* FeedUIIntegrationTests.swift in Sources */,
				99B5E74A2B9A629F002B7233 /* XCTestCase+MemoryLeakTracking.swift in Sources */,
			);
			runOnlyForDeploymentPostprocessing = 0;
		};
/* End PBXSourcesBuildPhase section */

/* Begin PBXTargetDependency section */
		99DB33D72B97951100E62B4B /* PBXTargetDependency */ = {
			isa = PBXTargetDependency;
			target = 99DB33BE2B97950F00E62B4B /* EssentialApp */;
			targetProxy = 99DB33D62B97951100E62B4B /* PBXContainerItemProxy */;
		};
/* End PBXTargetDependency section */

/* Begin PBXVariantGroup section */
		99DB33CD2B97951100E62B4B /* LaunchScreen.storyboard */ = {
			isa = PBXVariantGroup;
			children = (
				99DB33CE2B97951100E62B4B /* Base */,
			);
			name = LaunchScreen.storyboard;
			sourceTree = "<group>";
		};
/* End PBXVariantGroup section */

/* Begin XCBuildConfiguration section */
		99DB33E72B97951100E62B4B /* Debug */ = {
			isa = XCBuildConfiguration;
			buildSettings = {
				ALWAYS_SEARCH_USER_PATHS = NO;
				ASSETCATALOG_COMPILER_GENERATE_SWIFT_ASSET_SYMBOL_EXTENSIONS = YES;
				CLANG_ANALYZER_NONNULL = YES;
				CLANG_ANALYZER_NUMBER_OBJECT_CONVERSION = YES_AGGRESSIVE;
				CLANG_CXX_LANGUAGE_STANDARD = "gnu++20";
				CLANG_ENABLE_MODULES = YES;
				CLANG_ENABLE_OBJC_ARC = YES;
				CLANG_ENABLE_OBJC_WEAK = YES;
				CLANG_WARN_BLOCK_CAPTURE_AUTORELEASING = YES;
				CLANG_WARN_BOOL_CONVERSION = YES;
				CLANG_WARN_COMMA = YES;
				CLANG_WARN_CONSTANT_CONVERSION = YES;
				CLANG_WARN_DEPRECATED_OBJC_IMPLEMENTATIONS = YES;
				CLANG_WARN_DIRECT_OBJC_ISA_USAGE = YES_ERROR;
				CLANG_WARN_DOCUMENTATION_COMMENTS = YES;
				CLANG_WARN_EMPTY_BODY = YES;
				CLANG_WARN_ENUM_CONVERSION = YES;
				CLANG_WARN_INFINITE_RECURSION = YES;
				CLANG_WARN_INT_CONVERSION = YES;
				CLANG_WARN_NON_LITERAL_NULL_CONVERSION = YES;
				CLANG_WARN_OBJC_IMPLICIT_RETAIN_SELF = YES;
				CLANG_WARN_OBJC_LITERAL_CONVERSION = YES;
				CLANG_WARN_OBJC_ROOT_CLASS = YES_ERROR;
				CLANG_WARN_QUOTED_INCLUDE_IN_FRAMEWORK_HEADER = YES;
				CLANG_WARN_RANGE_LOOP_ANALYSIS = YES;
				CLANG_WARN_STRICT_PROTOTYPES = YES;
				CLANG_WARN_SUSPICIOUS_MOVE = YES;
				CLANG_WARN_UNGUARDED_AVAILABILITY = YES_AGGRESSIVE;
				CLANG_WARN_UNREACHABLE_CODE = YES;
				CLANG_WARN__DUPLICATE_METHOD_MATCH = YES;
				COPY_PHASE_STRIP = NO;
				DEBUG_INFORMATION_FORMAT = dwarf;
				ENABLE_STRICT_OBJC_MSGSEND = YES;
				ENABLE_TESTABILITY = YES;
				ENABLE_USER_SCRIPT_SANDBOXING = YES;
				GCC_C_LANGUAGE_STANDARD = gnu17;
				GCC_DYNAMIC_NO_PIC = NO;
				GCC_NO_COMMON_BLOCKS = YES;
				GCC_OPTIMIZATION_LEVEL = 0;
				GCC_PREPROCESSOR_DEFINITIONS = (
					"DEBUG=1",
					"$(inherited)",
				);
				GCC_WARN_64_TO_32_BIT_CONVERSION = YES;
				GCC_WARN_ABOUT_RETURN_TYPE = YES_ERROR;
				GCC_WARN_UNDECLARED_SELECTOR = YES;
				GCC_WARN_UNINITIALIZED_AUTOS = YES_AGGRESSIVE;
				GCC_WARN_UNUSED_FUNCTION = YES;
				GCC_WARN_UNUSED_VARIABLE = YES;
				IPHONEOS_DEPLOYMENT_TARGET = 17.2;
				LOCALIZATION_PREFERS_STRING_CATALOGS = YES;
				MTL_ENABLE_DEBUG_INFO = INCLUDE_SOURCE;
				MTL_FAST_MATH = YES;
				ONLY_ACTIVE_ARCH = YES;
				SDKROOT = iphoneos;
				SWIFT_ACTIVE_COMPILATION_CONDITIONS = "DEBUG $(inherited)";
				SWIFT_OPTIMIZATION_LEVEL = "-Onone";
			};
			name = Debug;
		};
		99DB33E82B97951100E62B4B /* Release */ = {
			isa = XCBuildConfiguration;
			buildSettings = {
				ALWAYS_SEARCH_USER_PATHS = NO;
				ASSETCATALOG_COMPILER_GENERATE_SWIFT_ASSET_SYMBOL_EXTENSIONS = YES;
				CLANG_ANALYZER_NONNULL = YES;
				CLANG_ANALYZER_NUMBER_OBJECT_CONVERSION = YES_AGGRESSIVE;
				CLANG_CXX_LANGUAGE_STANDARD = "gnu++20";
				CLANG_ENABLE_MODULES = YES;
				CLANG_ENABLE_OBJC_ARC = YES;
				CLANG_ENABLE_OBJC_WEAK = YES;
				CLANG_WARN_BLOCK_CAPTURE_AUTORELEASING = YES;
				CLANG_WARN_BOOL_CONVERSION = YES;
				CLANG_WARN_COMMA = YES;
				CLANG_WARN_CONSTANT_CONVERSION = YES;
				CLANG_WARN_DEPRECATED_OBJC_IMPLEMENTATIONS = YES;
				CLANG_WARN_DIRECT_OBJC_ISA_USAGE = YES_ERROR;
				CLANG_WARN_DOCUMENTATION_COMMENTS = YES;
				CLANG_WARN_EMPTY_BODY = YES;
				CLANG_WARN_ENUM_CONVERSION = YES;
				CLANG_WARN_INFINITE_RECURSION = YES;
				CLANG_WARN_INT_CONVERSION = YES;
				CLANG_WARN_NON_LITERAL_NULL_CONVERSION = YES;
				CLANG_WARN_OBJC_IMPLICIT_RETAIN_SELF = YES;
				CLANG_WARN_OBJC_LITERAL_CONVERSION = YES;
				CLANG_WARN_OBJC_ROOT_CLASS = YES_ERROR;
				CLANG_WARN_QUOTED_INCLUDE_IN_FRAMEWORK_HEADER = YES;
				CLANG_WARN_RANGE_LOOP_ANALYSIS = YES;
				CLANG_WARN_STRICT_PROTOTYPES = YES;
				CLANG_WARN_SUSPICIOUS_MOVE = YES;
				CLANG_WARN_UNGUARDED_AVAILABILITY = YES_AGGRESSIVE;
				CLANG_WARN_UNREACHABLE_CODE = YES;
				CLANG_WARN__DUPLICATE_METHOD_MATCH = YES;
				COPY_PHASE_STRIP = NO;
				DEBUG_INFORMATION_FORMAT = "dwarf-with-dsym";
				ENABLE_NS_ASSERTIONS = NO;
				ENABLE_STRICT_OBJC_MSGSEND = YES;
				ENABLE_USER_SCRIPT_SANDBOXING = YES;
				GCC_C_LANGUAGE_STANDARD = gnu17;
				GCC_NO_COMMON_BLOCKS = YES;
				GCC_WARN_64_TO_32_BIT_CONVERSION = YES;
				GCC_WARN_ABOUT_RETURN_TYPE = YES_ERROR;
				GCC_WARN_UNDECLARED_SELECTOR = YES;
				GCC_WARN_UNINITIALIZED_AUTOS = YES_AGGRESSIVE;
				GCC_WARN_UNUSED_FUNCTION = YES;
				GCC_WARN_UNUSED_VARIABLE = YES;
				IPHONEOS_DEPLOYMENT_TARGET = 17.2;
				LOCALIZATION_PREFERS_STRING_CATALOGS = YES;
				MTL_ENABLE_DEBUG_INFO = NO;
				MTL_FAST_MATH = YES;
				SDKROOT = iphoneos;
				SWIFT_COMPILATION_MODE = wholemodule;
				VALIDATE_PRODUCT = YES;
			};
			name = Release;
		};
		99DB33EA2B97951100E62B4B /* Debug */ = {
			isa = XCBuildConfiguration;
			buildSettings = {
				ASSETCATALOG_COMPILER_APPICON_NAME = AppIcon;
				ASSETCATALOG_COMPILER_GLOBAL_ACCENT_COLOR_NAME = AccentColor;
				CODE_SIGN_STYLE = Automatic;
				CURRENT_PROJECT_VERSION = 1;
				DEVELOPMENT_TEAM = B6N88MF9V4;
				GENERATE_INFOPLIST_FILE = YES;
				INFOPLIST_FILE = EssentialApp/Info.plist;
				INFOPLIST_KEY_UIApplicationSupportsIndirectInputEvents = YES;
				INFOPLIST_KEY_UILaunchStoryboardName = LaunchScreen;
				INFOPLIST_KEY_UISupportedInterfaceOrientations = UIInterfaceOrientationPortrait;
				INFOPLIST_KEY_UISupportedInterfaceOrientations_iPad = "UIInterfaceOrientationLandscapeLeft UIInterfaceOrientationLandscapeRight UIInterfaceOrientationPortrait UIInterfaceOrientationPortraitUpsideDown";
				LD_RUNPATH_SEARCH_PATHS = (
					"$(inherited)",
					"@executable_path/Frameworks",
				);
				MARKETING_VERSION = 1.0;
				PRODUCT_BUNDLE_IDENTIFIER = com.kmeletiou.EssentialApp;
				PRODUCT_NAME = "$(TARGET_NAME)";
				SWIFT_EMIT_LOC_STRINGS = YES;
				SWIFT_VERSION = 5.0;
				TARGETED_DEVICE_FAMILY = "1,2";
			};
			name = Debug;
		};
		99DB33EB2B97951100E62B4B /* Release */ = {
			isa = XCBuildConfiguration;
			buildSettings = {
				ASSETCATALOG_COMPILER_APPICON_NAME = AppIcon;
				ASSETCATALOG_COMPILER_GLOBAL_ACCENT_COLOR_NAME = AccentColor;
				CODE_SIGN_STYLE = Automatic;
				CURRENT_PROJECT_VERSION = 1;
				DEVELOPMENT_TEAM = B6N88MF9V4;
				GENERATE_INFOPLIST_FILE = YES;
				INFOPLIST_FILE = EssentialApp/Info.plist;
				INFOPLIST_KEY_UIApplicationSupportsIndirectInputEvents = YES;
				INFOPLIST_KEY_UILaunchStoryboardName = LaunchScreen;
				INFOPLIST_KEY_UISupportedInterfaceOrientations = UIInterfaceOrientationPortrait;
				INFOPLIST_KEY_UISupportedInterfaceOrientations_iPad = "UIInterfaceOrientationLandscapeLeft UIInterfaceOrientationLandscapeRight UIInterfaceOrientationPortrait UIInterfaceOrientationPortraitUpsideDown";
				LD_RUNPATH_SEARCH_PATHS = (
					"$(inherited)",
					"@executable_path/Frameworks",
				);
				MARKETING_VERSION = 1.0;
				PRODUCT_BUNDLE_IDENTIFIER = com.kmeletiou.EssentialApp;
				PRODUCT_NAME = "$(TARGET_NAME)";
				SWIFT_EMIT_LOC_STRINGS = YES;
				SWIFT_VERSION = 5.0;
				TARGETED_DEVICE_FAMILY = "1,2";
			};
			name = Release;
		};
		99DB33ED2B97951100E62B4B /* Debug */ = {
			isa = XCBuildConfiguration;
			buildSettings = {
				ALWAYS_EMBED_SWIFT_STANDARD_LIBRARIES = YES;
				BUNDLE_LOADER = "$(TEST_HOST)";
				CLANG_ENABLE_MODULES = YES;
				CODE_SIGN_STYLE = Automatic;
				CURRENT_PROJECT_VERSION = 1;
				DEVELOPMENT_TEAM = B6N88MF9V4;
				GENERATE_INFOPLIST_FILE = YES;
				IPHONEOS_DEPLOYMENT_TARGET = 17.2;
				MARKETING_VERSION = 1.0;
				PRODUCT_BUNDLE_IDENTIFIER = com.kmeletiou.EssentialAppTests;
				PRODUCT_NAME = "$(TARGET_NAME)";
				SWIFT_EMIT_LOC_STRINGS = NO;
				SWIFT_OPTIMIZATION_LEVEL = "-Onone";
				SWIFT_VERSION = 5.0;
				TARGETED_DEVICE_FAMILY = "1,2";
				TEST_HOST = "$(BUILT_PRODUCTS_DIR)/EssentialApp.app/$(BUNDLE_EXECUTABLE_FOLDER_PATH)/EssentialApp";
			};
			name = Debug;
		};
		99DB33EE2B97951100E62B4B /* Release */ = {
			isa = XCBuildConfiguration;
			buildSettings = {
				ALWAYS_EMBED_SWIFT_STANDARD_LIBRARIES = YES;
				BUNDLE_LOADER = "$(TEST_HOST)";
				CLANG_ENABLE_MODULES = YES;
				CODE_SIGN_STYLE = Automatic;
				CURRENT_PROJECT_VERSION = 1;
				DEVELOPMENT_TEAM = B6N88MF9V4;
				GENERATE_INFOPLIST_FILE = YES;
				IPHONEOS_DEPLOYMENT_TARGET = 17.2;
				MARKETING_VERSION = 1.0;
				PRODUCT_BUNDLE_IDENTIFIER = com.kmeletiou.EssentialAppTests;
				PRODUCT_NAME = "$(TARGET_NAME)";
				SWIFT_EMIT_LOC_STRINGS = NO;
				SWIFT_VERSION = 5.0;
				TARGETED_DEVICE_FAMILY = "1,2";
				TEST_HOST = "$(BUILT_PRODUCTS_DIR)/EssentialApp.app/$(BUNDLE_EXECUTABLE_FOLDER_PATH)/EssentialApp";
			};
			name = Release;
		};
/* End XCBuildConfiguration section */

/* Begin XCConfigurationList section */
		99DB33BA2B97950F00E62B4B /* Build configuration list for PBXProject "EssentialApp" */ = {
			isa = XCConfigurationList;
			buildConfigurations = (
				99DB33E72B97951100E62B4B /* Debug */,
				99DB33E82B97951100E62B4B /* Release */,
			);
			defaultConfigurationIsVisible = 0;
			defaultConfigurationName = Release;
		};
		99DB33E92B97951100E62B4B /* Build configuration list for PBXNativeTarget "EssentialApp" */ = {
			isa = XCConfigurationList;
			buildConfigurations = (
				99DB33EA2B97951100E62B4B /* Debug */,
				99DB33EB2B97951100E62B4B /* Release */,
			);
			defaultConfigurationIsVisible = 0;
			defaultConfigurationName = Release;
		};
		99DB33EC2B97951100E62B4B /* Build configuration list for PBXNativeTarget "EssentialAppTests" */ = {
			isa = XCConfigurationList;
			buildConfigurations = (
				99DB33ED2B97951100E62B4B /* Debug */,
				99DB33EE2B97951100E62B4B /* Release */,
			);
			defaultConfigurationIsVisible = 0;
			defaultConfigurationName = Release;
		};
/* End XCConfigurationList section */
	};
	rootObject = 99DB33B72B97950F00E62B4B /* Project object */;
}
